
Microsoft Visual Studio Solution File, Format Version 12.00
Project("{2150E333-8FDC-42A3-9474-1A3956D46DE8}") = "Solution Items", "Solution Items", "{95E9B397-E48F-460B-B930-7A851D4B083F}"
	ProjectSection(SolutionItems) = preProject
		.env = .env
		compose.yml = compose.yml
	EndProjectSection
EndProject
Project("{2150E333-8FDC-42A3-9474-1A3956D46DE8}") = "Players", "Players", "{4BB02C67-0DCC-2335-0579-3418CCD36E63}"
EndProject
Project("{FAE04EC0-301F-11D3-BF4B-00C04F79EFBC}") = "PlayerApi", "PlayerApi\PlayerApi.csproj", "{932FD948-FEC6-4D68-BBF7-DDC846F64EAB}"
EndProject
Project("{FAE04EC0-301F-11D3-BF4B-00C04F79EFBC}") = "PlayerSync", "PlayerSync\PlayerSync.csproj", "{881FA537-2AB7-4690-B4D1-6CCEADC287B7}"
EndProject
Project("{2150E333-8FDC-42A3-9474-1A3956D46DE8}") = "Seeders", "Seeders", "{CF906C0D-0140-33B5-BF15-B8BC7D68052B}"
EndProject
Project("{FAE04EC0-301F-11D3-BF4B-00C04F79EFBC}") = "MatchSeeder", "MatchSeeder\MatchSeeder.csproj", "{EF092459-004D-4669-8AEA-3430348C766F}"
EndProject
Project("{FAE04EC0-301F-11D3-BF4B-00C04F79EFBC}") = "PlayerSeeder", "PlayerSeeder\PlayerSeeder.csproj", "{7926CD7E-C028-46B2-8EDF-8AF406277619}"
EndProject
Project("{FAE04EC0-301F-11D3-BF4B-00C04F79EFBC}") = "PlayerWorker", "PlayerWorker\PlayerWorker.csproj", "{0D9EC60E-8AD9-4A1A-B761-724A8215B10A}"
EndProject
Project("{FAE04EC0-301F-11D3-BF4B-00C04F79EFBC}") = "EventSeeder", "EventSeeder\EventSeeder.csproj", "{1B0145DB-948F-42D8-8137-68E1C49E4D3D}"
EndProject
Project("{2150E333-8FDC-42A3-9474-1A3956D46DE8}") = "Infrastructure", "Infrastructure", "{DFEE68D8-A7D0-1A41-506C-9B74AA9A7B7B}"
EndProject
Project("{FAE04EC0-301F-11D3-BF4B-00C04F79EFBC}") = "Redis", "Redis\Redis.csproj", "{8657C3B2-E054-40E2-9606-0F2BD57707E6}"
EndProject
Project("{FAE04EC0-301F-11D3-BF4B-00C04F79EFBC}") = "Rabbit", "Rabbit\Rabbit.csproj", "{9F94225B-E8EE-47E1-AC38-5DDF8F183678}"
EndProject
Project("{FAE04EC0-301F-11D3-BF4B-00C04F79EFBC}") = "Comparer", "Comparer\Comparer.csproj", "{EAB55AF3-6F8F-42B9-B8A7-6C61959DCF55}"
EndProject
Project("{FAE04EC0-301F-11D3-BF4B-00C04F79EFBC}") = "Domain", "Domain\Domain.csproj", "{1C9DD099-7434-4100-AE5C-8BF2C9842BB0}"
EndProject
Project("{2150E333-8FDC-42A3-9474-1A3956D46DE8}") = "Watch On", "Watch On", "{267E212F-7827-149C-EFD1-2066F116326D}"
EndProject
Project("{FAE04EC0-301F-11D3-BF4B-00C04F79EFBC}") = "WatchOnApi", "WatchOnApi\WatchOnApi.csproj", "{B6673F31-4BA7-43AE-AA74-A0D3A7BBD5A8}"
EndProject
Project("{FAE04EC0-301F-11D3-BF4B-00C04F79EFBC}") = "WatchOnWorker", "WatchOnWorker\WatchOnWorker.csproj", "{1E137C83-93A7-4AC7-B151-FD2CD5E37572}"
EndProject
Project("{FAE04EC0-301F-11D3-BF4B-00C04F79EFBC}") = "SnookerOrg", "SnookerOrg\SnookerOrg.csproj", "{10001B9A-D91C-4DBA-89C9-DF60F894F760}"
EndProject
Project("{2150E333-8FDC-42A3-9474-1A3956D46DE8}") = "Frames", "Frames", "{829AE5A7-665C-703B-F27A-3F07415F4831}"
EndProject
Project("{FAE04EC0-301F-11D3-BF4B-00C04F79EFBC}") = "FrameWorker", "FrameWorker\FrameWorker.csproj", "{4D634612-8F02-4E74-8079-85B6F2522833}"
EndProject
Project("{FAE04EC0-301F-11D3-BF4B-00C04F79EFBC}") = "FrameApi", "FrameApi\FrameApi.csproj", "{E5E98461-5A77-4FDC-BBF5-01F3FF438B1C}"
EndProject
Project("{2150E333-8FDC-42A3-9474-1A3956D46DE8}") = "Events", "Events", "{CDDCADCD-9350-8E22-D67F-1D4576D8025F}"
EndProject
Project("{FAE04EC0-301F-11D3-BF4B-00C04F79EFBC}") = "EventApi", "EventApi\EventApi.csproj", "{F1D93D38-B8F7-4970-998A-905F8F8E77EF}"
EndProject
Project("{FAE04EC0-301F-11D3-BF4B-00C04F79EFBC}") = "EventsSync", "EventsSync\EventsSync.csproj", "{B0408A1D-0FC3-49B7-ABDE-F9EDC9B8FB52}"
EndProject
Project("{FAE04EC0-301F-11D3-BF4B-00C04F79EFBC}") = "EventsWorker", "EventsWorker\EventsWorker.csproj", "{3F79DBC0-53EC-433F-B949-DB3565510293}"
EndProject
Project("{2150E333-8FDC-42A3-9474-1A3956D46DE8}") = "Matches", "Matches", "{023AB5D1-6391-9F87-0D30-6E7987738D7F}"
EndProject
Project("{FAE04EC0-301F-11D3-BF4B-00C04F79EFBC}") = "FinishedEventMatchesSync", "FinishedEventMatchesSync\FinishedEventMatchesSync.csproj", "{CF13854C-EB5D-484E-9DDD-371359A55EFD}"
EndProject
Project("{FAE04EC0-301F-11D3-BF4B-00C04F79EFBC}") = "LiveEventMatchesSync", "LiveEventMatchesSync\LiveEventMatchesSync.csproj", "{53C8A08B-8D73-41A8-8B81-DB771B90078A}"
EndProject
Project("{FAE04EC0-301F-11D3-BF4B-00C04F79EFBC}") = "LiveMatchesSync", "LiveMatchesSync\LiveMatchesSync.csproj", "{3D003A55-AEE6-4872-BFEC-E85D94E17ED2}"
EndProject
Project("{FAE04EC0-301F-11D3-BF4B-00C04F79EFBC}") = "MatchApi", "MatchApi\MatchApi.csproj", "{48796C76-99A0-4791-8B7B-A5F99B612540}"
EndProject
Project("{FAE04EC0-301F-11D3-BF4B-00C04F79EFBC}") = "MatchesWorker", "MatchesWorker\MatchesWorker.csproj", "{9AB4A175-BD22-4A7A-B8E1-FD0EF6E1F731}"
EndProject
Project("{FAE04EC0-301F-11D3-BF4B-00C04F79EFBC}") = "UpcomingEventMatchesSync", "UpcomingEventMatchesSync\UpcomingEventMatchesSync.csproj", "{C0CECC29-493A-4E06-8A1E-833FDD546BF9}"
EndProject
Project("{2150E333-8FDC-42A3-9474-1A3956D46DE8}") = "Sessions", "Sessions", "{7C30C082-D4FF-5AB1-128F-BE070B4AE118}"
EndProject
Project("{FAE04EC0-301F-11D3-BF4B-00C04F79EFBC}") = "SessionApi", "SessionApi\SessionApi.csproj", "{FBCA4000-19D9-49F4-8DE7-2AB2AD8DB51F}"
EndProject
Project("{FAE04EC0-301F-11D3-BF4B-00C04F79EFBC}") = "SessionWorker", "SessionWorker\SessionWorker.csproj", "{CF14B8D1-9596-4918-A1B8-599C611220B0}"
EndProject
Project("{2150E333-8FDC-42A3-9474-1A3956D46DE8}") = "Notifications", "Notifications", "{C30EA34C-96E3-EEAB-A84E-085AED71DD06}"
EndProject
Project("{FAE04EC0-301F-11D3-BF4B-00C04F79EFBC}") = "NotificationWorker", "NotificationWorker\NotificationWorker.csproj", "{D50D0A83-906E-4E4F-A61B-2D2BD0EBF77B}"
EndProject
Project("{2150E333-8FDC-42A3-9474-1A3956D46DE8}") = "Rankings", "Rankings", "{403AE5AA-0726-8981-2EE0-554162CC0B7F}"
EndProject
Project("{FAE04EC0-301F-11D3-BF4B-00C04F79EFBC}") = "RankingApi", "RankingApi\RankingApi.csproj", "{1F1BE5E2-6C46-4684-AEB5-473C23E94041}"
EndProject
Project("{FAE04EC0-301F-11D3-BF4B-00C04F79EFBC}") = "RankingWorker", "RankingWorker\RankingWorker.csproj", "{CF68A520-DE31-4FDF-8F78-F28811DBC1C9}"
EndProject
Project("{FAE04EC0-301F-11D3-BF4B-00C04F79EFBC}") = "MoneyRankingSync", "MoneyRankingSync\MoneyRankingSync.csproj", "{B3D04261-FC0D-4928-B48A-9695B84DCC2D}"
EndProject
Project("{FAE04EC0-301F-11D3-BF4B-00C04F79EFBC}") = "RankingSeeder", "RankingSeeder\RankingSeeder.csproj", "{E9546D7E-13E7-4DC6-BFE6-1AC47E491213}"
EndProject
Project("{FAE04EC0-301F-11D3-BF4B-00C04F79EFBC}") = "QTourRankingSync", "QTourRankingSync\QTourRankingSync.csproj", "{DC9561EC-5AE6-4C92-A89E-46E947B2467A}"
EndProject
Project("{FAE04EC0-301F-11D3-BF4B-00C04F79EFBC}") = "MoneySeedingSync", "MoneySeedingSync\MoneySeedingSync.csproj", "{6DA47A1A-D10C-491C-A6EE-D6209D113010}"
EndProject
Project("{FAE04EC0-301F-11D3-BF4B-00C04F79EFBC}") = "WomensRankingSync", "WomensRankingSync\WomensRankingSync.csproj", "{D90A30F9-9B48-4E83-8B93-069CE7FB1167}"
EndProject
Project("{2150E333-8FDC-42A3-9474-1A3956D46DE8}") = "Rounds", "Rounds", "{990D0197-DA6D-AE60-BCEB-C59CA60A27A2}"
EndProject
Project("{FAE04EC0-301F-11D3-BF4B-00C04F79EFBC}") = "RoundSync", "RoundSync\RoundSync.csproj", "{D1A47996-8F93-4B26-8727-9888A797E544}"
EndProject
Project("{FAE04EC0-301F-11D3-BF4B-00C04F79EFBC}") = "RoundWorker", "RoundWorker\RoundWorker.csproj", "{2DF8103A-49AD-49D7-BA5F-0638FDC86144}"
EndProject
Project("{FAE04EC0-301F-11D3-BF4B-00C04F79EFBC}") = "RoundApi", "RoundApi\RoundApi.csproj", "{E9152E3A-EFF2-4D60-AEA6-26024B188C95}"
EndProject
Project("{FAE04EC0-301F-11D3-BF4B-00C04F79EFBC}") = "RoundSeeder", "RoundSeeder\RoundSeeder.csproj", "{511A03EA-8BB1-4838-B3C0-6EDD354C5C5F}"
EndProject
Global
	GlobalSection(SolutionConfigurationPlatforms) = preSolution
		Debug|Any CPU = Debug|Any CPU
		Debug|x64 = Debug|x64
		Debug|x86 = Debug|x86
		Release|Any CPU = Release|Any CPU
		Release|x64 = Release|x64
		Release|x86 = Release|x86
	EndGlobalSection
	GlobalSection(ProjectConfigurationPlatforms) = postSolution
		{932FD948-FEC6-4D68-BBF7-DDC846F64EAB}.Debug|Any CPU.ActiveCfg = Debug|Any CPU
		{932FD948-FEC6-4D68-BBF7-DDC846F64EAB}.Debug|Any CPU.Build.0 = Debug|Any CPU
		{932FD948-FEC6-4D68-BBF7-DDC846F64EAB}.Debug|x64.ActiveCfg = Debug|Any CPU
		{932FD948-FEC6-4D68-BBF7-DDC846F64EAB}.Debug|x64.Build.0 = Debug|Any CPU
		{932FD948-FEC6-4D68-BBF7-DDC846F64EAB}.Debug|x86.ActiveCfg = Debug|Any CPU
		{932FD948-FEC6-4D68-BBF7-DDC846F64EAB}.Debug|x86.Build.0 = Debug|Any CPU
		{932FD948-FEC6-4D68-BBF7-DDC846F64EAB}.Release|Any CPU.ActiveCfg = Release|Any CPU
		{932FD948-FEC6-4D68-BBF7-DDC846F64EAB}.Release|Any CPU.Build.0 = Release|Any CPU
		{932FD948-FEC6-4D68-BBF7-DDC846F64EAB}.Release|x64.ActiveCfg = Release|Any CPU
		{932FD948-FEC6-4D68-BBF7-DDC846F64EAB}.Release|x64.Build.0 = Release|Any CPU
		{932FD948-FEC6-4D68-BBF7-DDC846F64EAB}.Release|x86.ActiveCfg = Release|Any CPU
		{932FD948-FEC6-4D68-BBF7-DDC846F64EAB}.Release|x86.Build.0 = Release|Any CPU
		{881FA537-2AB7-4690-B4D1-6CCEADC287B7}.Debug|Any CPU.ActiveCfg = Debug|Any CPU
		{881FA537-2AB7-4690-B4D1-6CCEADC287B7}.Debug|Any CPU.Build.0 = Debug|Any CPU
		{881FA537-2AB7-4690-B4D1-6CCEADC287B7}.Debug|x64.ActiveCfg = Debug|Any CPU
		{881FA537-2AB7-4690-B4D1-6CCEADC287B7}.Debug|x64.Build.0 = Debug|Any CPU
		{881FA537-2AB7-4690-B4D1-6CCEADC287B7}.Debug|x86.ActiveCfg = Debug|Any CPU
		{881FA537-2AB7-4690-B4D1-6CCEADC287B7}.Debug|x86.Build.0 = Debug|Any CPU
		{881FA537-2AB7-4690-B4D1-6CCEADC287B7}.Release|Any CPU.ActiveCfg = Release|Any CPU
		{881FA537-2AB7-4690-B4D1-6CCEADC287B7}.Release|Any CPU.Build.0 = Release|Any CPU
		{881FA537-2AB7-4690-B4D1-6CCEADC287B7}.Release|x64.ActiveCfg = Release|Any CPU
		{881FA537-2AB7-4690-B4D1-6CCEADC287B7}.Release|x64.Build.0 = Release|Any CPU
		{881FA537-2AB7-4690-B4D1-6CCEADC287B7}.Release|x86.ActiveCfg = Release|Any CPU
		{881FA537-2AB7-4690-B4D1-6CCEADC287B7}.Release|x86.Build.0 = Release|Any CPU
		{EF092459-004D-4669-8AEA-3430348C766F}.Debug|Any CPU.ActiveCfg = Debug|Any CPU
		{EF092459-004D-4669-8AEA-3430348C766F}.Debug|Any CPU.Build.0 = Debug|Any CPU
		{EF092459-004D-4669-8AEA-3430348C766F}.Debug|x64.ActiveCfg = Debug|Any CPU
		{EF092459-004D-4669-8AEA-3430348C766F}.Debug|x64.Build.0 = Debug|Any CPU
		{EF092459-004D-4669-8AEA-3430348C766F}.Debug|x86.ActiveCfg = Debug|Any CPU
		{EF092459-004D-4669-8AEA-3430348C766F}.Debug|x86.Build.0 = Debug|Any CPU
		{EF092459-004D-4669-8AEA-3430348C766F}.Release|Any CPU.ActiveCfg = Release|Any CPU
		{EF092459-004D-4669-8AEA-3430348C766F}.Release|Any CPU.Build.0 = Release|Any CPU
		{EF092459-004D-4669-8AEA-3430348C766F}.Release|x64.ActiveCfg = Release|Any CPU
		{EF092459-004D-4669-8AEA-3430348C766F}.Release|x64.Build.0 = Release|Any CPU
		{EF092459-004D-4669-8AEA-3430348C766F}.Release|x86.ActiveCfg = Release|Any CPU
		{EF092459-004D-4669-8AEA-3430348C766F}.Release|x86.Build.0 = Release|Any CPU
		{7926CD7E-C028-46B2-8EDF-8AF406277619}.Debug|Any CPU.ActiveCfg = Debug|Any CPU
		{7926CD7E-C028-46B2-8EDF-8AF406277619}.Debug|Any CPU.Build.0 = Debug|Any CPU
		{7926CD7E-C028-46B2-8EDF-8AF406277619}.Debug|x64.ActiveCfg = Debug|Any CPU
		{7926CD7E-C028-46B2-8EDF-8AF406277619}.Debug|x64.Build.0 = Debug|Any CPU
		{7926CD7E-C028-46B2-8EDF-8AF406277619}.Debug|x86.ActiveCfg = Debug|Any CPU
		{7926CD7E-C028-46B2-8EDF-8AF406277619}.Debug|x86.Build.0 = Debug|Any CPU
		{7926CD7E-C028-46B2-8EDF-8AF406277619}.Release|Any CPU.ActiveCfg = Release|Any CPU
		{7926CD7E-C028-46B2-8EDF-8AF406277619}.Release|Any CPU.Build.0 = Release|Any CPU
		{7926CD7E-C028-46B2-8EDF-8AF406277619}.Release|x64.ActiveCfg = Release|Any CPU
		{7926CD7E-C028-46B2-8EDF-8AF406277619}.Release|x64.Build.0 = Release|Any CPU
		{7926CD7E-C028-46B2-8EDF-8AF406277619}.Release|x86.ActiveCfg = Release|Any CPU
		{7926CD7E-C028-46B2-8EDF-8AF406277619}.Release|x86.Build.0 = Release|Any CPU
		{0D9EC60E-8AD9-4A1A-B761-724A8215B10A}.Debug|Any CPU.ActiveCfg = Debug|Any CPU
		{0D9EC60E-8AD9-4A1A-B761-724A8215B10A}.Debug|Any CPU.Build.0 = Debug|Any CPU
		{0D9EC60E-8AD9-4A1A-B761-724A8215B10A}.Debug|x64.ActiveCfg = Debug|Any CPU
		{0D9EC60E-8AD9-4A1A-B761-724A8215B10A}.Debug|x64.Build.0 = Debug|Any CPU
		{0D9EC60E-8AD9-4A1A-B761-724A8215B10A}.Debug|x86.ActiveCfg = Debug|Any CPU
		{0D9EC60E-8AD9-4A1A-B761-724A8215B10A}.Debug|x86.Build.0 = Debug|Any CPU
		{0D9EC60E-8AD9-4A1A-B761-724A8215B10A}.Release|Any CPU.ActiveCfg = Release|Any CPU
		{0D9EC60E-8AD9-4A1A-B761-724A8215B10A}.Release|Any CPU.Build.0 = Release|Any CPU
		{0D9EC60E-8AD9-4A1A-B761-724A8215B10A}.Release|x64.ActiveCfg = Release|Any CPU
		{0D9EC60E-8AD9-4A1A-B761-724A8215B10A}.Release|x64.Build.0 = Release|Any CPU
		{0D9EC60E-8AD9-4A1A-B761-724A8215B10A}.Release|x86.ActiveCfg = Release|Any CPU
		{0D9EC60E-8AD9-4A1A-B761-724A8215B10A}.Release|x86.Build.0 = Release|Any CPU
		{1B0145DB-948F-42D8-8137-68E1C49E4D3D}.Debug|Any CPU.ActiveCfg = Debug|Any CPU
		{1B0145DB-948F-42D8-8137-68E1C49E4D3D}.Debug|Any CPU.Build.0 = Debug|Any CPU
		{1B0145DB-948F-42D8-8137-68E1C49E4D3D}.Debug|x64.ActiveCfg = Debug|Any CPU
		{1B0145DB-948F-42D8-8137-68E1C49E4D3D}.Debug|x64.Build.0 = Debug|Any CPU
		{1B0145DB-948F-42D8-8137-68E1C49E4D3D}.Debug|x86.ActiveCfg = Debug|Any CPU
		{1B0145DB-948F-42D8-8137-68E1C49E4D3D}.Debug|x86.Build.0 = Debug|Any CPU
		{1B0145DB-948F-42D8-8137-68E1C49E4D3D}.Release|Any CPU.ActiveCfg = Release|Any CPU
		{1B0145DB-948F-42D8-8137-68E1C49E4D3D}.Release|Any CPU.Build.0 = Release|Any CPU
		{1B0145DB-948F-42D8-8137-68E1C49E4D3D}.Release|x64.ActiveCfg = Release|Any CPU
		{1B0145DB-948F-42D8-8137-68E1C49E4D3D}.Release|x64.Build.0 = Release|Any CPU
		{1B0145DB-948F-42D8-8137-68E1C49E4D3D}.Release|x86.ActiveCfg = Release|Any CPU
		{1B0145DB-948F-42D8-8137-68E1C49E4D3D}.Release|x86.Build.0 = Release|Any CPU
		{8657C3B2-E054-40E2-9606-0F2BD57707E6}.Debug|Any CPU.ActiveCfg = Debug|Any CPU
		{8657C3B2-E054-40E2-9606-0F2BD57707E6}.Debug|Any CPU.Build.0 = Debug|Any CPU
		{8657C3B2-E054-40E2-9606-0F2BD57707E6}.Debug|x64.ActiveCfg = Debug|Any CPU
		{8657C3B2-E054-40E2-9606-0F2BD57707E6}.Debug|x64.Build.0 = Debug|Any CPU
		{8657C3B2-E054-40E2-9606-0F2BD57707E6}.Debug|x86.ActiveCfg = Debug|Any CPU
		{8657C3B2-E054-40E2-9606-0F2BD57707E6}.Debug|x86.Build.0 = Debug|Any CPU
		{8657C3B2-E054-40E2-9606-0F2BD57707E6}.Release|Any CPU.ActiveCfg = Release|Any CPU
		{8657C3B2-E054-40E2-9606-0F2BD57707E6}.Release|Any CPU.Build.0 = Release|Any CPU
		{8657C3B2-E054-40E2-9606-0F2BD57707E6}.Release|x64.ActiveCfg = Release|Any CPU
		{8657C3B2-E054-40E2-9606-0F2BD57707E6}.Release|x64.Build.0 = Release|Any CPU
		{8657C3B2-E054-40E2-9606-0F2BD57707E6}.Release|x86.ActiveCfg = Release|Any CPU
		{8657C3B2-E054-40E2-9606-0F2BD57707E6}.Release|x86.Build.0 = Release|Any CPU
		{9F94225B-E8EE-47E1-AC38-5DDF8F183678}.Debug|Any CPU.ActiveCfg = Debug|Any CPU
		{9F94225B-E8EE-47E1-AC38-5DDF8F183678}.Debug|Any CPU.Build.0 = Debug|Any CPU
		{9F94225B-E8EE-47E1-AC38-5DDF8F183678}.Debug|x64.ActiveCfg = Debug|Any CPU
		{9F94225B-E8EE-47E1-AC38-5DDF8F183678}.Debug|x64.Build.0 = Debug|Any CPU
		{9F94225B-E8EE-47E1-AC38-5DDF8F183678}.Debug|x86.ActiveCfg = Debug|Any CPU
		{9F94225B-E8EE-47E1-AC38-5DDF8F183678}.Debug|x86.Build.0 = Debug|Any CPU
		{9F94225B-E8EE-47E1-AC38-5DDF8F183678}.Release|Any CPU.ActiveCfg = Release|Any CPU
		{9F94225B-E8EE-47E1-AC38-5DDF8F183678}.Release|Any CPU.Build.0 = Release|Any CPU
		{9F94225B-E8EE-47E1-AC38-5DDF8F183678}.Release|x64.ActiveCfg = Release|Any CPU
		{9F94225B-E8EE-47E1-AC38-5DDF8F183678}.Release|x64.Build.0 = Release|Any CPU
		{9F94225B-E8EE-47E1-AC38-5DDF8F183678}.Release|x86.ActiveCfg = Release|Any CPU
		{9F94225B-E8EE-47E1-AC38-5DDF8F183678}.Release|x86.Build.0 = Release|Any CPU
		{EAB55AF3-6F8F-42B9-B8A7-6C61959DCF55}.Debug|Any CPU.ActiveCfg = Debug|Any CPU
		{EAB55AF3-6F8F-42B9-B8A7-6C61959DCF55}.Debug|Any CPU.Build.0 = Debug|Any CPU
		{EAB55AF3-6F8F-42B9-B8A7-6C61959DCF55}.Debug|x64.ActiveCfg = Debug|Any CPU
		{EAB55AF3-6F8F-42B9-B8A7-6C61959DCF55}.Debug|x64.Build.0 = Debug|Any CPU
		{EAB55AF3-6F8F-42B9-B8A7-6C61959DCF55}.Debug|x86.ActiveCfg = Debug|Any CPU
		{EAB55AF3-6F8F-42B9-B8A7-6C61959DCF55}.Debug|x86.Build.0 = Debug|Any CPU
		{EAB55AF3-6F8F-42B9-B8A7-6C61959DCF55}.Release|Any CPU.ActiveCfg = Release|Any CPU
		{EAB55AF3-6F8F-42B9-B8A7-6C61959DCF55}.Release|Any CPU.Build.0 = Release|Any CPU
		{EAB55AF3-6F8F-42B9-B8A7-6C61959DCF55}.Release|x64.ActiveCfg = Release|Any CPU
		{EAB55AF3-6F8F-42B9-B8A7-6C61959DCF55}.Release|x64.Build.0 = Release|Any CPU
		{EAB55AF3-6F8F-42B9-B8A7-6C61959DCF55}.Release|x86.ActiveCfg = Release|Any CPU
		{EAB55AF3-6F8F-42B9-B8A7-6C61959DCF55}.Release|x86.Build.0 = Release|Any CPU
		{1C9DD099-7434-4100-AE5C-8BF2C9842BB0}.Debug|Any CPU.ActiveCfg = Debug|Any CPU
		{1C9DD099-7434-4100-AE5C-8BF2C9842BB0}.Debug|Any CPU.Build.0 = Debug|Any CPU
		{1C9DD099-7434-4100-AE5C-8BF2C9842BB0}.Debug|x64.ActiveCfg = Debug|Any CPU
		{1C9DD099-7434-4100-AE5C-8BF2C9842BB0}.Debug|x64.Build.0 = Debug|Any CPU
		{1C9DD099-7434-4100-AE5C-8BF2C9842BB0}.Debug|x86.ActiveCfg = Debug|Any CPU
		{1C9DD099-7434-4100-AE5C-8BF2C9842BB0}.Debug|x86.Build.0 = Debug|Any CPU
		{1C9DD099-7434-4100-AE5C-8BF2C9842BB0}.Release|Any CPU.ActiveCfg = Release|Any CPU
		{1C9DD099-7434-4100-AE5C-8BF2C9842BB0}.Release|Any CPU.Build.0 = Release|Any CPU
		{1C9DD099-7434-4100-AE5C-8BF2C9842BB0}.Release|x64.ActiveCfg = Release|Any CPU
		{1C9DD099-7434-4100-AE5C-8BF2C9842BB0}.Release|x64.Build.0 = Release|Any CPU
		{1C9DD099-7434-4100-AE5C-8BF2C9842BB0}.Release|x86.ActiveCfg = Release|Any CPU
		{1C9DD099-7434-4100-AE5C-8BF2C9842BB0}.Release|x86.Build.0 = Release|Any CPU
		{B6673F31-4BA7-43AE-AA74-A0D3A7BBD5A8}.Debug|Any CPU.ActiveCfg = Debug|Any CPU
		{B6673F31-4BA7-43AE-AA74-A0D3A7BBD5A8}.Debug|Any CPU.Build.0 = Debug|Any CPU
		{B6673F31-4BA7-43AE-AA74-A0D3A7BBD5A8}.Debug|x64.ActiveCfg = Debug|Any CPU
		{B6673F31-4BA7-43AE-AA74-A0D3A7BBD5A8}.Debug|x64.Build.0 = Debug|Any CPU
		{B6673F31-4BA7-43AE-AA74-A0D3A7BBD5A8}.Debug|x86.ActiveCfg = Debug|Any CPU
		{B6673F31-4BA7-43AE-AA74-A0D3A7BBD5A8}.Debug|x86.Build.0 = Debug|Any CPU
		{B6673F31-4BA7-43AE-AA74-A0D3A7BBD5A8}.Release|Any CPU.ActiveCfg = Release|Any CPU
		{B6673F31-4BA7-43AE-AA74-A0D3A7BBD5A8}.Release|Any CPU.Build.0 = Release|Any CPU
		{B6673F31-4BA7-43AE-AA74-A0D3A7BBD5A8}.Release|x64.ActiveCfg = Release|Any CPU
		{B6673F31-4BA7-43AE-AA74-A0D3A7BBD5A8}.Release|x64.Build.0 = Release|Any CPU
		{B6673F31-4BA7-43AE-AA74-A0D3A7BBD5A8}.Release|x86.ActiveCfg = Release|Any CPU
		{B6673F31-4BA7-43AE-AA74-A0D3A7BBD5A8}.Release|x86.Build.0 = Release|Any CPU
		{1E137C83-93A7-4AC7-B151-FD2CD5E37572}.Debug|Any CPU.ActiveCfg = Debug|Any CPU
		{1E137C83-93A7-4AC7-B151-FD2CD5E37572}.Debug|Any CPU.Build.0 = Debug|Any CPU
		{1E137C83-93A7-4AC7-B151-FD2CD5E37572}.Debug|x64.ActiveCfg = Debug|Any CPU
		{1E137C83-93A7-4AC7-B151-FD2CD5E37572}.Debug|x64.Build.0 = Debug|Any CPU
		{1E137C83-93A7-4AC7-B151-FD2CD5E37572}.Debug|x86.ActiveCfg = Debug|Any CPU
		{1E137C83-93A7-4AC7-B151-FD2CD5E37572}.Debug|x86.Build.0 = Debug|Any CPU
		{1E137C83-93A7-4AC7-B151-FD2CD5E37572}.Release|Any CPU.ActiveCfg = Release|Any CPU
		{1E137C83-93A7-4AC7-B151-FD2CD5E37572}.Release|Any CPU.Build.0 = Release|Any CPU
		{1E137C83-93A7-4AC7-B151-FD2CD5E37572}.Release|x64.ActiveCfg = Release|Any CPU
		{1E137C83-93A7-4AC7-B151-FD2CD5E37572}.Release|x64.Build.0 = Release|Any CPU
		{1E137C83-93A7-4AC7-B151-FD2CD5E37572}.Release|x86.ActiveCfg = Release|Any CPU
		{1E137C83-93A7-4AC7-B151-FD2CD5E37572}.Release|x86.Build.0 = Release|Any CPU
		{10001B9A-D91C-4DBA-89C9-DF60F894F760}.Debug|Any CPU.ActiveCfg = Debug|Any CPU
		{10001B9A-D91C-4DBA-89C9-DF60F894F760}.Debug|Any CPU.Build.0 = Debug|Any CPU
		{10001B9A-D91C-4DBA-89C9-DF60F894F760}.Debug|x64.ActiveCfg = Debug|Any CPU
		{10001B9A-D91C-4DBA-89C9-DF60F894F760}.Debug|x64.Build.0 = Debug|Any CPU
		{10001B9A-D91C-4DBA-89C9-DF60F894F760}.Debug|x86.ActiveCfg = Debug|Any CPU
		{10001B9A-D91C-4DBA-89C9-DF60F894F760}.Debug|x86.Build.0 = Debug|Any CPU
		{10001B9A-D91C-4DBA-89C9-DF60F894F760}.Release|Any CPU.ActiveCfg = Release|Any CPU
		{10001B9A-D91C-4DBA-89C9-DF60F894F760}.Release|Any CPU.Build.0 = Release|Any CPU
		{10001B9A-D91C-4DBA-89C9-DF60F894F760}.Release|x64.ActiveCfg = Release|Any CPU
		{10001B9A-D91C-4DBA-89C9-DF60F894F760}.Release|x64.Build.0 = Release|Any CPU
		{10001B9A-D91C-4DBA-89C9-DF60F894F760}.Release|x86.ActiveCfg = Release|Any CPU
		{10001B9A-D91C-4DBA-89C9-DF60F894F760}.Release|x86.Build.0 = Release|Any CPU
		{4D634612-8F02-4E74-8079-85B6F2522833}.Debug|Any CPU.ActiveCfg = Debug|Any CPU
		{4D634612-8F02-4E74-8079-85B6F2522833}.Debug|Any CPU.Build.0 = Debug|Any CPU
		{4D634612-8F02-4E74-8079-85B6F2522833}.Debug|x64.ActiveCfg = Debug|Any CPU
		{4D634612-8F02-4E74-8079-85B6F2522833}.Debug|x64.Build.0 = Debug|Any CPU
		{4D634612-8F02-4E74-8079-85B6F2522833}.Debug|x86.ActiveCfg = Debug|Any CPU
		{4D634612-8F02-4E74-8079-85B6F2522833}.Debug|x86.Build.0 = Debug|Any CPU
		{4D634612-8F02-4E74-8079-85B6F2522833}.Release|Any CPU.ActiveCfg = Release|Any CPU
		{4D634612-8F02-4E74-8079-85B6F2522833}.Release|Any CPU.Build.0 = Release|Any CPU
		{4D634612-8F02-4E74-8079-85B6F2522833}.Release|x64.ActiveCfg = Release|Any CPU
		{4D634612-8F02-4E74-8079-85B6F2522833}.Release|x64.Build.0 = Release|Any CPU
		{4D634612-8F02-4E74-8079-85B6F2522833}.Release|x86.ActiveCfg = Release|Any CPU
		{4D634612-8F02-4E74-8079-85B6F2522833}.Release|x86.Build.0 = Release|Any CPU
		{E5E98461-5A77-4FDC-BBF5-01F3FF438B1C}.Debug|Any CPU.ActiveCfg = Debug|Any CPU
		{E5E98461-5A77-4FDC-BBF5-01F3FF438B1C}.Debug|Any CPU.Build.0 = Debug|Any CPU
		{E5E98461-5A77-4FDC-BBF5-01F3FF438B1C}.Debug|x64.ActiveCfg = Debug|Any CPU
		{E5E98461-5A77-4FDC-BBF5-01F3FF438B1C}.Debug|x64.Build.0 = Debug|Any CPU
		{E5E98461-5A77-4FDC-BBF5-01F3FF438B1C}.Debug|x86.ActiveCfg = Debug|Any CPU
		{E5E98461-5A77-4FDC-BBF5-01F3FF438B1C}.Debug|x86.Build.0 = Debug|Any CPU
		{E5E98461-5A77-4FDC-BBF5-01F3FF438B1C}.Release|Any CPU.ActiveCfg = Release|Any CPU
		{E5E98461-5A77-4FDC-BBF5-01F3FF438B1C}.Release|Any CPU.Build.0 = Release|Any CPU
		{E5E98461-5A77-4FDC-BBF5-01F3FF438B1C}.Release|x64.ActiveCfg = Release|Any CPU
		{E5E98461-5A77-4FDC-BBF5-01F3FF438B1C}.Release|x64.Build.0 = Release|Any CPU
		{E5E98461-5A77-4FDC-BBF5-01F3FF438B1C}.Release|x86.ActiveCfg = Release|Any CPU
		{E5E98461-5A77-4FDC-BBF5-01F3FF438B1C}.Release|x86.Build.0 = Release|Any CPU
		{F1D93D38-B8F7-4970-998A-905F8F8E77EF}.Debug|Any CPU.ActiveCfg = Debug|Any CPU
		{F1D93D38-B8F7-4970-998A-905F8F8E77EF}.Debug|Any CPU.Build.0 = Debug|Any CPU
		{F1D93D38-B8F7-4970-998A-905F8F8E77EF}.Debug|x64.ActiveCfg = Debug|Any CPU
		{F1D93D38-B8F7-4970-998A-905F8F8E77EF}.Debug|x64.Build.0 = Debug|Any CPU
		{F1D93D38-B8F7-4970-998A-905F8F8E77EF}.Debug|x86.ActiveCfg = Debug|Any CPU
		{F1D93D38-B8F7-4970-998A-905F8F8E77EF}.Debug|x86.Build.0 = Debug|Any CPU
		{F1D93D38-B8F7-4970-998A-905F8F8E77EF}.Release|Any CPU.ActiveCfg = Release|Any CPU
		{F1D93D38-B8F7-4970-998A-905F8F8E77EF}.Release|Any CPU.Build.0 = Release|Any CPU
		{F1D93D38-B8F7-4970-998A-905F8F8E77EF}.Release|x64.ActiveCfg = Release|Any CPU
		{F1D93D38-B8F7-4970-998A-905F8F8E77EF}.Release|x64.Build.0 = Release|Any CPU
		{F1D93D38-B8F7-4970-998A-905F8F8E77EF}.Release|x86.ActiveCfg = Release|Any CPU
		{F1D93D38-B8F7-4970-998A-905F8F8E77EF}.Release|x86.Build.0 = Release|Any CPU
		{B0408A1D-0FC3-49B7-ABDE-F9EDC9B8FB52}.Debug|Any CPU.ActiveCfg = Debug|Any CPU
		{B0408A1D-0FC3-49B7-ABDE-F9EDC9B8FB52}.Debug|Any CPU.Build.0 = Debug|Any CPU
		{B0408A1D-0FC3-49B7-ABDE-F9EDC9B8FB52}.Debug|x64.ActiveCfg = Debug|Any CPU
		{B0408A1D-0FC3-49B7-ABDE-F9EDC9B8FB52}.Debug|x64.Build.0 = Debug|Any CPU
		{B0408A1D-0FC3-49B7-ABDE-F9EDC9B8FB52}.Debug|x86.ActiveCfg = Debug|Any CPU
		{B0408A1D-0FC3-49B7-ABDE-F9EDC9B8FB52}.Debug|x86.Build.0 = Debug|Any CPU
		{B0408A1D-0FC3-49B7-ABDE-F9EDC9B8FB52}.Release|Any CPU.ActiveCfg = Release|Any CPU
		{B0408A1D-0FC3-49B7-ABDE-F9EDC9B8FB52}.Release|Any CPU.Build.0 = Release|Any CPU
		{B0408A1D-0FC3-49B7-ABDE-F9EDC9B8FB52}.Release|x64.ActiveCfg = Release|Any CPU
		{B0408A1D-0FC3-49B7-ABDE-F9EDC9B8FB52}.Release|x64.Build.0 = Release|Any CPU
		{B0408A1D-0FC3-49B7-ABDE-F9EDC9B8FB52}.Release|x86.ActiveCfg = Release|Any CPU
		{B0408A1D-0FC3-49B7-ABDE-F9EDC9B8FB52}.Release|x86.Build.0 = Release|Any CPU
		{3F79DBC0-53EC-433F-B949-DB3565510293}.Debug|Any CPU.ActiveCfg = Debug|Any CPU
		{3F79DBC0-53EC-433F-B949-DB3565510293}.Debug|Any CPU.Build.0 = Debug|Any CPU
		{3F79DBC0-53EC-433F-B949-DB3565510293}.Debug|x64.ActiveCfg = Debug|Any CPU
		{3F79DBC0-53EC-433F-B949-DB3565510293}.Debug|x64.Build.0 = Debug|Any CPU
		{3F79DBC0-53EC-433F-B949-DB3565510293}.Debug|x86.ActiveCfg = Debug|Any CPU
		{3F79DBC0-53EC-433F-B949-DB3565510293}.Debug|x86.Build.0 = Debug|Any CPU
		{3F79DBC0-53EC-433F-B949-DB3565510293}.Release|Any CPU.ActiveCfg = Release|Any CPU
		{3F79DBC0-53EC-433F-B949-DB3565510293}.Release|Any CPU.Build.0 = Release|Any CPU
		{3F79DBC0-53EC-433F-B949-DB3565510293}.Release|x64.ActiveCfg = Release|Any CPU
		{3F79DBC0-53EC-433F-B949-DB3565510293}.Release|x64.Build.0 = Release|Any CPU
		{3F79DBC0-53EC-433F-B949-DB3565510293}.Release|x86.ActiveCfg = Release|Any CPU
		{3F79DBC0-53EC-433F-B949-DB3565510293}.Release|x86.Build.0 = Release|Any CPU
		{CF13854C-EB5D-484E-9DDD-371359A55EFD}.Debug|Any CPU.ActiveCfg = Debug|Any CPU
		{CF13854C-EB5D-484E-9DDD-371359A55EFD}.Debug|Any CPU.Build.0 = Debug|Any CPU
		{CF13854C-EB5D-484E-9DDD-371359A55EFD}.Debug|x64.ActiveCfg = Debug|Any CPU
		{CF13854C-EB5D-484E-9DDD-371359A55EFD}.Debug|x64.Build.0 = Debug|Any CPU
		{CF13854C-EB5D-484E-9DDD-371359A55EFD}.Debug|x86.ActiveCfg = Debug|Any CPU
		{CF13854C-EB5D-484E-9DDD-371359A55EFD}.Debug|x86.Build.0 = Debug|Any CPU
		{CF13854C-EB5D-484E-9DDD-371359A55EFD}.Release|Any CPU.ActiveCfg = Release|Any CPU
		{CF13854C-EB5D-484E-9DDD-371359A55EFD}.Release|Any CPU.Build.0 = Release|Any CPU
		{CF13854C-EB5D-484E-9DDD-371359A55EFD}.Release|x64.ActiveCfg = Release|Any CPU
		{CF13854C-EB5D-484E-9DDD-371359A55EFD}.Release|x64.Build.0 = Release|Any CPU
		{CF13854C-EB5D-484E-9DDD-371359A55EFD}.Release|x86.ActiveCfg = Release|Any CPU
		{CF13854C-EB5D-484E-9DDD-371359A55EFD}.Release|x86.Build.0 = Release|Any CPU
		{53C8A08B-8D73-41A8-8B81-DB771B90078A}.Debug|Any CPU.ActiveCfg = Debug|Any CPU
		{53C8A08B-8D73-41A8-8B81-DB771B90078A}.Debug|Any CPU.Build.0 = Debug|Any CPU
		{53C8A08B-8D73-41A8-8B81-DB771B90078A}.Debug|x64.ActiveCfg = Debug|Any CPU
		{53C8A08B-8D73-41A8-8B81-DB771B90078A}.Debug|x64.Build.0 = Debug|Any CPU
		{53C8A08B-8D73-41A8-8B81-DB771B90078A}.Debug|x86.ActiveCfg = Debug|Any CPU
		{53C8A08B-8D73-41A8-8B81-DB771B90078A}.Debug|x86.Build.0 = Debug|Any CPU
		{53C8A08B-8D73-41A8-8B81-DB771B90078A}.Release|Any CPU.ActiveCfg = Release|Any CPU
		{53C8A08B-8D73-41A8-8B81-DB771B90078A}.Release|Any CPU.Build.0 = Release|Any CPU
		{53C8A08B-8D73-41A8-8B81-DB771B90078A}.Release|x64.ActiveCfg = Release|Any CPU
		{53C8A08B-8D73-41A8-8B81-DB771B90078A}.Release|x64.Build.0 = Release|Any CPU
		{53C8A08B-8D73-41A8-8B81-DB771B90078A}.Release|x86.ActiveCfg = Release|Any CPU
		{53C8A08B-8D73-41A8-8B81-DB771B90078A}.Release|x86.Build.0 = Release|Any CPU
		{3D003A55-AEE6-4872-BFEC-E85D94E17ED2}.Debug|Any CPU.ActiveCfg = Debug|Any CPU
		{3D003A55-AEE6-4872-BFEC-E85D94E17ED2}.Debug|Any CPU.Build.0 = Debug|Any CPU
		{3D003A55-AEE6-4872-BFEC-E85D94E17ED2}.Debug|x64.ActiveCfg = Debug|Any CPU
		{3D003A55-AEE6-4872-BFEC-E85D94E17ED2}.Debug|x64.Build.0 = Debug|Any CPU
		{3D003A55-AEE6-4872-BFEC-E85D94E17ED2}.Debug|x86.ActiveCfg = Debug|Any CPU
		{3D003A55-AEE6-4872-BFEC-E85D94E17ED2}.Debug|x86.Build.0 = Debug|Any CPU
		{3D003A55-AEE6-4872-BFEC-E85D94E17ED2}.Release|Any CPU.ActiveCfg = Release|Any CPU
		{3D003A55-AEE6-4872-BFEC-E85D94E17ED2}.Release|Any CPU.Build.0 = Release|Any CPU
		{3D003A55-AEE6-4872-BFEC-E85D94E17ED2}.Release|x64.ActiveCfg = Release|Any CPU
		{3D003A55-AEE6-4872-BFEC-E85D94E17ED2}.Release|x64.Build.0 = Release|Any CPU
		{3D003A55-AEE6-4872-BFEC-E85D94E17ED2}.Release|x86.ActiveCfg = Release|Any CPU
		{3D003A55-AEE6-4872-BFEC-E85D94E17ED2}.Release|x86.Build.0 = Release|Any CPU
		{48796C76-99A0-4791-8B7B-A5F99B612540}.Debug|Any CPU.ActiveCfg = Debug|Any CPU
		{48796C76-99A0-4791-8B7B-A5F99B612540}.Debug|Any CPU.Build.0 = Debug|Any CPU
		{48796C76-99A0-4791-8B7B-A5F99B612540}.Debug|x64.ActiveCfg = Debug|Any CPU
		{48796C76-99A0-4791-8B7B-A5F99B612540}.Debug|x64.Build.0 = Debug|Any CPU
		{48796C76-99A0-4791-8B7B-A5F99B612540}.Debug|x86.ActiveCfg = Debug|Any CPU
		{48796C76-99A0-4791-8B7B-A5F99B612540}.Debug|x86.Build.0 = Debug|Any CPU
		{48796C76-99A0-4791-8B7B-A5F99B612540}.Release|Any CPU.ActiveCfg = Release|Any CPU
		{48796C76-99A0-4791-8B7B-A5F99B612540}.Release|Any CPU.Build.0 = Release|Any CPU
		{48796C76-99A0-4791-8B7B-A5F99B612540}.Release|x64.ActiveCfg = Release|Any CPU
		{48796C76-99A0-4791-8B7B-A5F99B612540}.Release|x64.Build.0 = Release|Any CPU
		{48796C76-99A0-4791-8B7B-A5F99B612540}.Release|x86.ActiveCfg = Release|Any CPU
		{48796C76-99A0-4791-8B7B-A5F99B612540}.Release|x86.Build.0 = Release|Any CPU
		{9AB4A175-BD22-4A7A-B8E1-FD0EF6E1F731}.Debug|Any CPU.ActiveCfg = Debug|Any CPU
		{9AB4A175-BD22-4A7A-B8E1-FD0EF6E1F731}.Debug|Any CPU.Build.0 = Debug|Any CPU
		{9AB4A175-BD22-4A7A-B8E1-FD0EF6E1F731}.Debug|x64.ActiveCfg = Debug|Any CPU
		{9AB4A175-BD22-4A7A-B8E1-FD0EF6E1F731}.Debug|x64.Build.0 = Debug|Any CPU
		{9AB4A175-BD22-4A7A-B8E1-FD0EF6E1F731}.Debug|x86.ActiveCfg = Debug|Any CPU
		{9AB4A175-BD22-4A7A-B8E1-FD0EF6E1F731}.Debug|x86.Build.0 = Debug|Any CPU
		{9AB4A175-BD22-4A7A-B8E1-FD0EF6E1F731}.Release|Any CPU.ActiveCfg = Release|Any CPU
		{9AB4A175-BD22-4A7A-B8E1-FD0EF6E1F731}.Release|Any CPU.Build.0 = Release|Any CPU
		{9AB4A175-BD22-4A7A-B8E1-FD0EF6E1F731}.Release|x64.ActiveCfg = Release|Any CPU
		{9AB4A175-BD22-4A7A-B8E1-FD0EF6E1F731}.Release|x64.Build.0 = Release|Any CPU
		{9AB4A175-BD22-4A7A-B8E1-FD0EF6E1F731}.Release|x86.ActiveCfg = Release|Any CPU
		{9AB4A175-BD22-4A7A-B8E1-FD0EF6E1F731}.Release|x86.Build.0 = Release|Any CPU
		{C0CECC29-493A-4E06-8A1E-833FDD546BF9}.Debug|Any CPU.ActiveCfg = Debug|Any CPU
		{C0CECC29-493A-4E06-8A1E-833FDD546BF9}.Debug|Any CPU.Build.0 = Debug|Any CPU
		{C0CECC29-493A-4E06-8A1E-833FDD546BF9}.Debug|x64.ActiveCfg = Debug|Any CPU
		{C0CECC29-493A-4E06-8A1E-833FDD546BF9}.Debug|x64.Build.0 = Debug|Any CPU
		{C0CECC29-493A-4E06-8A1E-833FDD546BF9}.Debug|x86.ActiveCfg = Debug|Any CPU
		{C0CECC29-493A-4E06-8A1E-833FDD546BF9}.Debug|x86.Build.0 = Debug|Any CPU
		{C0CECC29-493A-4E06-8A1E-833FDD546BF9}.Release|Any CPU.ActiveCfg = Release|Any CPU
		{C0CECC29-493A-4E06-8A1E-833FDD546BF9}.Release|Any CPU.Build.0 = Release|Any CPU
		{C0CECC29-493A-4E06-8A1E-833FDD546BF9}.Release|x64.ActiveCfg = Release|Any CPU
		{C0CECC29-493A-4E06-8A1E-833FDD546BF9}.Release|x64.Build.0 = Release|Any CPU
		{C0CECC29-493A-4E06-8A1E-833FDD546BF9}.Release|x86.ActiveCfg = Release|Any CPU
		{C0CECC29-493A-4E06-8A1E-833FDD546BF9}.Release|x86.Build.0 = Release|Any CPU
		{FBCA4000-19D9-49F4-8DE7-2AB2AD8DB51F}.Debug|Any CPU.ActiveCfg = Debug|Any CPU
		{FBCA4000-19D9-49F4-8DE7-2AB2AD8DB51F}.Debug|Any CPU.Build.0 = Debug|Any CPU
		{FBCA4000-19D9-49F4-8DE7-2AB2AD8DB51F}.Debug|x64.ActiveCfg = Debug|Any CPU
		{FBCA4000-19D9-49F4-8DE7-2AB2AD8DB51F}.Debug|x64.Build.0 = Debug|Any CPU
		{FBCA4000-19D9-49F4-8DE7-2AB2AD8DB51F}.Debug|x86.ActiveCfg = Debug|Any CPU
		{FBCA4000-19D9-49F4-8DE7-2AB2AD8DB51F}.Debug|x86.Build.0 = Debug|Any CPU
		{FBCA4000-19D9-49F4-8DE7-2AB2AD8DB51F}.Release|Any CPU.ActiveCfg = Release|Any CPU
		{FBCA4000-19D9-49F4-8DE7-2AB2AD8DB51F}.Release|Any CPU.Build.0 = Release|Any CPU
		{FBCA4000-19D9-49F4-8DE7-2AB2AD8DB51F}.Release|x64.ActiveCfg = Release|Any CPU
		{FBCA4000-19D9-49F4-8DE7-2AB2AD8DB51F}.Release|x64.Build.0 = Release|Any CPU
		{FBCA4000-19D9-49F4-8DE7-2AB2AD8DB51F}.Release|x86.ActiveCfg = Release|Any CPU
		{FBCA4000-19D9-49F4-8DE7-2AB2AD8DB51F}.Release|x86.Build.0 = Release|Any CPU
		{CF14B8D1-9596-4918-A1B8-599C611220B0}.Debug|Any CPU.ActiveCfg = Debug|Any CPU
		{CF14B8D1-9596-4918-A1B8-599C611220B0}.Debug|Any CPU.Build.0 = Debug|Any CPU
		{CF14B8D1-9596-4918-A1B8-599C611220B0}.Debug|x64.ActiveCfg = Debug|Any CPU
		{CF14B8D1-9596-4918-A1B8-599C611220B0}.Debug|x64.Build.0 = Debug|Any CPU
		{CF14B8D1-9596-4918-A1B8-599C611220B0}.Debug|x86.ActiveCfg = Debug|Any CPU
		{CF14B8D1-9596-4918-A1B8-599C611220B0}.Debug|x86.Build.0 = Debug|Any CPU
		{CF14B8D1-9596-4918-A1B8-599C611220B0}.Release|Any CPU.ActiveCfg = Release|Any CPU
		{CF14B8D1-9596-4918-A1B8-599C611220B0}.Release|Any CPU.Build.0 = Release|Any CPU
		{CF14B8D1-9596-4918-A1B8-599C611220B0}.Release|x64.ActiveCfg = Release|Any CPU
		{CF14B8D1-9596-4918-A1B8-599C611220B0}.Release|x64.Build.0 = Release|Any CPU
		{CF14B8D1-9596-4918-A1B8-599C611220B0}.Release|x86.ActiveCfg = Release|Any CPU
		{CF14B8D1-9596-4918-A1B8-599C611220B0}.Release|x86.Build.0 = Release|Any CPU
		{D50D0A83-906E-4E4F-A61B-2D2BD0EBF77B}.Debug|Any CPU.ActiveCfg = Debug|Any CPU
		{D50D0A83-906E-4E4F-A61B-2D2BD0EBF77B}.Debug|Any CPU.Build.0 = Debug|Any CPU
		{D50D0A83-906E-4E4F-A61B-2D2BD0EBF77B}.Debug|x64.ActiveCfg = Debug|Any CPU
		{D50D0A83-906E-4E4F-A61B-2D2BD0EBF77B}.Debug|x64.Build.0 = Debug|Any CPU
		{D50D0A83-906E-4E4F-A61B-2D2BD0EBF77B}.Debug|x86.ActiveCfg = Debug|Any CPU
		{D50D0A83-906E-4E4F-A61B-2D2BD0EBF77B}.Debug|x86.Build.0 = Debug|Any CPU
		{D50D0A83-906E-4E4F-A61B-2D2BD0EBF77B}.Release|Any CPU.ActiveCfg = Release|Any CPU
		{D50D0A83-906E-4E4F-A61B-2D2BD0EBF77B}.Release|Any CPU.Build.0 = Release|Any CPU
		{D50D0A83-906E-4E4F-A61B-2D2BD0EBF77B}.Release|x64.ActiveCfg = Release|Any CPU
		{D50D0A83-906E-4E4F-A61B-2D2BD0EBF77B}.Release|x64.Build.0 = Release|Any CPU
		{D50D0A83-906E-4E4F-A61B-2D2BD0EBF77B}.Release|x86.ActiveCfg = Release|Any CPU
		{D50D0A83-906E-4E4F-A61B-2D2BD0EBF77B}.Release|x86.Build.0 = Release|Any CPU
		{1F1BE5E2-6C46-4684-AEB5-473C23E94041}.Debug|Any CPU.ActiveCfg = Debug|Any CPU
		{1F1BE5E2-6C46-4684-AEB5-473C23E94041}.Debug|Any CPU.Build.0 = Debug|Any CPU
		{1F1BE5E2-6C46-4684-AEB5-473C23E94041}.Debug|x64.ActiveCfg = Debug|Any CPU
		{1F1BE5E2-6C46-4684-AEB5-473C23E94041}.Debug|x64.Build.0 = Debug|Any CPU
		{1F1BE5E2-6C46-4684-AEB5-473C23E94041}.Debug|x86.ActiveCfg = Debug|Any CPU
		{1F1BE5E2-6C46-4684-AEB5-473C23E94041}.Debug|x86.Build.0 = Debug|Any CPU
		{1F1BE5E2-6C46-4684-AEB5-473C23E94041}.Release|Any CPU.ActiveCfg = Release|Any CPU
		{1F1BE5E2-6C46-4684-AEB5-473C23E94041}.Release|Any CPU.Build.0 = Release|Any CPU
		{1F1BE5E2-6C46-4684-AEB5-473C23E94041}.Release|x64.ActiveCfg = Release|Any CPU
		{1F1BE5E2-6C46-4684-AEB5-473C23E94041}.Release|x64.Build.0 = Release|Any CPU
		{1F1BE5E2-6C46-4684-AEB5-473C23E94041}.Release|x86.ActiveCfg = Release|Any CPU
		{1F1BE5E2-6C46-4684-AEB5-473C23E94041}.Release|x86.Build.0 = Release|Any CPU
		{CF68A520-DE31-4FDF-8F78-F28811DBC1C9}.Debug|Any CPU.ActiveCfg = Debug|Any CPU
		{CF68A520-DE31-4FDF-8F78-F28811DBC1C9}.Debug|Any CPU.Build.0 = Debug|Any CPU
		{CF68A520-DE31-4FDF-8F78-F28811DBC1C9}.Debug|x64.ActiveCfg = Debug|Any CPU
		{CF68A520-DE31-4FDF-8F78-F28811DBC1C9}.Debug|x64.Build.0 = Debug|Any CPU
		{CF68A520-DE31-4FDF-8F78-F28811DBC1C9}.Debug|x86.ActiveCfg = Debug|Any CPU
		{CF68A520-DE31-4FDF-8F78-F28811DBC1C9}.Debug|x86.Build.0 = Debug|Any CPU
		{CF68A520-DE31-4FDF-8F78-F28811DBC1C9}.Release|Any CPU.ActiveCfg = Release|Any CPU
		{CF68A520-DE31-4FDF-8F78-F28811DBC1C9}.Release|Any CPU.Build.0 = Release|Any CPU
		{CF68A520-DE31-4FDF-8F78-F28811DBC1C9}.Release|x64.ActiveCfg = Release|Any CPU
		{CF68A520-DE31-4FDF-8F78-F28811DBC1C9}.Release|x64.Build.0 = Release|Any CPU
		{CF68A520-DE31-4FDF-8F78-F28811DBC1C9}.Release|x86.ActiveCfg = Release|Any CPU
		{CF68A520-DE31-4FDF-8F78-F28811DBC1C9}.Release|x86.Build.0 = Release|Any CPU
		{B3D04261-FC0D-4928-B48A-9695B84DCC2D}.Debug|Any CPU.ActiveCfg = Debug|Any CPU
		{B3D04261-FC0D-4928-B48A-9695B84DCC2D}.Debug|Any CPU.Build.0 = Debug|Any CPU
		{B3D04261-FC0D-4928-B48A-9695B84DCC2D}.Debug|x64.ActiveCfg = Debug|Any CPU
		{B3D04261-FC0D-4928-B48A-9695B84DCC2D}.Debug|x64.Build.0 = Debug|Any CPU
		{B3D04261-FC0D-4928-B48A-9695B84DCC2D}.Debug|x86.ActiveCfg = Debug|Any CPU
		{B3D04261-FC0D-4928-B48A-9695B84DCC2D}.Debug|x86.Build.0 = Debug|Any CPU
		{B3D04261-FC0D-4928-B48A-9695B84DCC2D}.Release|Any CPU.ActiveCfg = Release|Any CPU
		{B3D04261-FC0D-4928-B48A-9695B84DCC2D}.Release|Any CPU.Build.0 = Release|Any CPU
		{B3D04261-FC0D-4928-B48A-9695B84DCC2D}.Release|x64.ActiveCfg = Release|Any CPU
		{B3D04261-FC0D-4928-B48A-9695B84DCC2D}.Release|x64.Build.0 = Release|Any CPU
		{B3D04261-FC0D-4928-B48A-9695B84DCC2D}.Release|x86.ActiveCfg = Release|Any CPU
		{B3D04261-FC0D-4928-B48A-9695B84DCC2D}.Release|x86.Build.0 = Release|Any CPU
		{E9546D7E-13E7-4DC6-BFE6-1AC47E491213}.Debug|Any CPU.ActiveCfg = Debug|Any CPU
		{E9546D7E-13E7-4DC6-BFE6-1AC47E491213}.Debug|Any CPU.Build.0 = Debug|Any CPU
		{E9546D7E-13E7-4DC6-BFE6-1AC47E491213}.Debug|x64.ActiveCfg = Debug|Any CPU
		{E9546D7E-13E7-4DC6-BFE6-1AC47E491213}.Debug|x64.Build.0 = Debug|Any CPU
		{E9546D7E-13E7-4DC6-BFE6-1AC47E491213}.Debug|x86.ActiveCfg = Debug|Any CPU
		{E9546D7E-13E7-4DC6-BFE6-1AC47E491213}.Debug|x86.Build.0 = Debug|Any CPU
		{E9546D7E-13E7-4DC6-BFE6-1AC47E491213}.Release|Any CPU.ActiveCfg = Release|Any CPU
		{E9546D7E-13E7-4DC6-BFE6-1AC47E491213}.Release|Any CPU.Build.0 = Release|Any CPU
		{E9546D7E-13E7-4DC6-BFE6-1AC47E491213}.Release|x64.ActiveCfg = Release|Any CPU
		{E9546D7E-13E7-4DC6-BFE6-1AC47E491213}.Release|x64.Build.0 = Release|Any CPU
		{E9546D7E-13E7-4DC6-BFE6-1AC47E491213}.Release|x86.ActiveCfg = Release|Any CPU
		{E9546D7E-13E7-4DC6-BFE6-1AC47E491213}.Release|x86.Build.0 = Release|Any CPU
		{DC9561EC-5AE6-4C92-A89E-46E947B2467A}.Debug|Any CPU.ActiveCfg = Debug|Any CPU
		{DC9561EC-5AE6-4C92-A89E-46E947B2467A}.Debug|Any CPU.Build.0 = Debug|Any CPU
		{DC9561EC-5AE6-4C92-A89E-46E947B2467A}.Debug|x64.ActiveCfg = Debug|Any CPU
		{DC9561EC-5AE6-4C92-A89E-46E947B2467A}.Debug|x64.Build.0 = Debug|Any CPU
		{DC9561EC-5AE6-4C92-A89E-46E947B2467A}.Debug|x86.ActiveCfg = Debug|Any CPU
		{DC9561EC-5AE6-4C92-A89E-46E947B2467A}.Debug|x86.Build.0 = Debug|Any CPU
		{DC9561EC-5AE6-4C92-A89E-46E947B2467A}.Release|Any CPU.ActiveCfg = Release|Any CPU
		{DC9561EC-5AE6-4C92-A89E-46E947B2467A}.Release|Any CPU.Build.0 = Release|Any CPU
		{DC9561EC-5AE6-4C92-A89E-46E947B2467A}.Release|x64.ActiveCfg = Release|Any CPU
		{DC9561EC-5AE6-4C92-A89E-46E947B2467A}.Release|x64.Build.0 = Release|Any CPU
		{DC9561EC-5AE6-4C92-A89E-46E947B2467A}.Release|x86.ActiveCfg = Release|Any CPU
		{DC9561EC-5AE6-4C92-A89E-46E947B2467A}.Release|x86.Build.0 = Release|Any CPU
		{6DA47A1A-D10C-491C-A6EE-D6209D113010}.Debug|Any CPU.ActiveCfg = Debug|Any CPU
		{6DA47A1A-D10C-491C-A6EE-D6209D113010}.Debug|Any CPU.Build.0 = Debug|Any CPU
		{6DA47A1A-D10C-491C-A6EE-D6209D113010}.Debug|x64.ActiveCfg = Debug|Any CPU
		{6DA47A1A-D10C-491C-A6EE-D6209D113010}.Debug|x64.Build.0 = Debug|Any CPU
		{6DA47A1A-D10C-491C-A6EE-D6209D113010}.Debug|x86.ActiveCfg = Debug|Any CPU
		{6DA47A1A-D10C-491C-A6EE-D6209D113010}.Debug|x86.Build.0 = Debug|Any CPU
		{6DA47A1A-D10C-491C-A6EE-D6209D113010}.Release|Any CPU.ActiveCfg = Release|Any CPU
		{6DA47A1A-D10C-491C-A6EE-D6209D113010}.Release|Any CPU.Build.0 = Release|Any CPU
		{6DA47A1A-D10C-491C-A6EE-D6209D113010}.Release|x64.ActiveCfg = Release|Any CPU
		{6DA47A1A-D10C-491C-A6EE-D6209D113010}.Release|x64.Build.0 = Release|Any CPU
		{6DA47A1A-D10C-491C-A6EE-D6209D113010}.Release|x86.ActiveCfg = Release|Any CPU
		{6DA47A1A-D10C-491C-A6EE-D6209D113010}.Release|x86.Build.0 = Release|Any CPU
		{D90A30F9-9B48-4E83-8B93-069CE7FB1167}.Debug|Any CPU.ActiveCfg = Debug|Any CPU
		{D90A30F9-9B48-4E83-8B93-069CE7FB1167}.Debug|Any CPU.Build.0 = Debug|Any CPU
		{D90A30F9-9B48-4E83-8B93-069CE7FB1167}.Debug|x64.ActiveCfg = Debug|Any CPU
		{D90A30F9-9B48-4E83-8B93-069CE7FB1167}.Debug|x64.Build.0 = Debug|Any CPU
		{D90A30F9-9B48-4E83-8B93-069CE7FB1167}.Debug|x86.ActiveCfg = Debug|Any CPU
		{D90A30F9-9B48-4E83-8B93-069CE7FB1167}.Debug|x86.Build.0 = Debug|Any CPU
		{D90A30F9-9B48-4E83-8B93-069CE7FB1167}.Release|Any CPU.ActiveCfg = Release|Any CPU
		{D90A30F9-9B48-4E83-8B93-069CE7FB1167}.Release|Any CPU.Build.0 = Release|Any CPU
		{D90A30F9-9B48-4E83-8B93-069CE7FB1167}.Release|x64.ActiveCfg = Release|Any CPU
		{D90A30F9-9B48-4E83-8B93-069CE7FB1167}.Release|x64.Build.0 = Release|Any CPU
		{D90A30F9-9B48-4E83-8B93-069CE7FB1167}.Release|x86.ActiveCfg = Release|Any CPU
		{D90A30F9-9B48-4E83-8B93-069CE7FB1167}.Release|x86.Build.0 = Release|Any CPU
		{D1A47996-8F93-4B26-8727-9888A797E544}.Debug|Any CPU.ActiveCfg = Debug|Any CPU
		{D1A47996-8F93-4B26-8727-9888A797E544}.Debug|Any CPU.Build.0 = Debug|Any CPU
		{D1A47996-8F93-4B26-8727-9888A797E544}.Debug|x64.ActiveCfg = Debug|Any CPU
		{D1A47996-8F93-4B26-8727-9888A797E544}.Debug|x64.Build.0 = Debug|Any CPU
		{D1A47996-8F93-4B26-8727-9888A797E544}.Debug|x86.ActiveCfg = Debug|Any CPU
		{D1A47996-8F93-4B26-8727-9888A797E544}.Debug|x86.Build.0 = Debug|Any CPU
		{D1A47996-8F93-4B26-8727-9888A797E544}.Release|Any CPU.ActiveCfg = Release|Any CPU
		{D1A47996-8F93-4B26-8727-9888A797E544}.Release|Any CPU.Build.0 = Release|Any CPU
		{D1A47996-8F93-4B26-8727-9888A797E544}.Release|x64.ActiveCfg = Release|Any CPU
		{D1A47996-8F93-4B26-8727-9888A797E544}.Release|x64.Build.0 = Release|Any CPU
		{D1A47996-8F93-4B26-8727-9888A797E544}.Release|x86.ActiveCfg = Release|Any CPU
		{D1A47996-8F93-4B26-8727-9888A797E544}.Release|x86.Build.0 = Release|Any CPU
		{2DF8103A-49AD-49D7-BA5F-0638FDC86144}.Debug|Any CPU.ActiveCfg = Debug|Any CPU
		{2DF8103A-49AD-49D7-BA5F-0638FDC86144}.Debug|Any CPU.Build.0 = Debug|Any CPU
		{2DF8103A-49AD-49D7-BA5F-0638FDC86144}.Debug|x64.ActiveCfg = Debug|Any CPU
		{2DF8103A-49AD-49D7-BA5F-0638FDC86144}.Debug|x64.Build.0 = Debug|Any CPU
		{2DF8103A-49AD-49D7-BA5F-0638FDC86144}.Debug|x86.ActiveCfg = Debug|Any CPU
		{2DF8103A-49AD-49D7-BA5F-0638FDC86144}.Debug|x86.Build.0 = Debug|Any CPU
		{2DF8103A-49AD-49D7-BA5F-0638FDC86144}.Release|Any CPU.ActiveCfg = Release|Any CPU
		{2DF8103A-49AD-49D7-BA5F-0638FDC86144}.Release|Any CPU.Build.0 = Release|Any CPU
		{2DF8103A-49AD-49D7-BA5F-0638FDC86144}.Release|x64.ActiveCfg = Release|Any CPU
		{2DF8103A-49AD-49D7-BA5F-0638FDC86144}.Release|x64.Build.0 = Release|Any CPU
		{2DF8103A-49AD-49D7-BA5F-0638FDC86144}.Release|x86.ActiveCfg = Release|Any CPU
		{2DF8103A-49AD-49D7-BA5F-0638FDC86144}.Release|x86.Build.0 = Release|Any CPU
		{E9152E3A-EFF2-4D60-AEA6-26024B188C95}.Debug|Any CPU.ActiveCfg = Debug|Any CPU
		{E9152E3A-EFF2-4D60-AEA6-26024B188C95}.Debug|Any CPU.Build.0 = Debug|Any CPU
		{E9152E3A-EFF2-4D60-AEA6-26024B188C95}.Debug|x64.ActiveCfg = Debug|Any CPU
		{E9152E3A-EFF2-4D60-AEA6-26024B188C95}.Debug|x64.Build.0 = Debug|Any CPU
		{E9152E3A-EFF2-4D60-AEA6-26024B188C95}.Debug|x86.ActiveCfg = Debug|Any CPU
		{E9152E3A-EFF2-4D60-AEA6-26024B188C95}.Debug|x86.Build.0 = Debug|Any CPU
		{E9152E3A-EFF2-4D60-AEA6-26024B188C95}.Release|Any CPU.ActiveCfg = Release|Any CPU
		{E9152E3A-EFF2-4D60-AEA6-26024B188C95}.Release|Any CPU.Build.0 = Release|Any CPU
		{E9152E3A-EFF2-4D60-AEA6-26024B188C95}.Release|x64.ActiveCfg = Release|Any CPU
		{E9152E3A-EFF2-4D60-AEA6-26024B188C95}.Release|x64.Build.0 = Release|Any CPU
		{E9152E3A-EFF2-4D60-AEA6-26024B188C95}.Release|x86.ActiveCfg = Release|Any CPU
		{E9152E3A-EFF2-4D60-AEA6-26024B188C95}.Release|x86.Build.0 = Release|Any CPU
		{511A03EA-8BB1-4838-B3C0-6EDD354C5C5F}.Debug|Any CPU.ActiveCfg = Debug|Any CPU
		{511A03EA-8BB1-4838-B3C0-6EDD354C5C5F}.Debug|Any CPU.Build.0 = Debug|Any CPU
		{511A03EA-8BB1-4838-B3C0-6EDD354C5C5F}.Debug|x64.ActiveCfg = Debug|Any CPU
		{511A03EA-8BB1-4838-B3C0-6EDD354C5C5F}.Debug|x64.Build.0 = Debug|Any CPU
		{511A03EA-8BB1-4838-B3C0-6EDD354C5C5F}.Debug|x86.ActiveCfg = Debug|Any CPU
		{511A03EA-8BB1-4838-B3C0-6EDD354C5C5F}.Debug|x86.Build.0 = Debug|Any CPU
		{511A03EA-8BB1-4838-B3C0-6EDD354C5C5F}.Release|Any CPU.ActiveCfg = Release|Any CPU
		{511A03EA-8BB1-4838-B3C0-6EDD354C5C5F}.Release|Any CPU.Build.0 = Release|Any CPU
		{511A03EA-8BB1-4838-B3C0-6EDD354C5C5F}.Release|x64.ActiveCfg = Release|Any CPU
		{511A03EA-8BB1-4838-B3C0-6EDD354C5C5F}.Release|x64.Build.0 = Release|Any CPU
		{511A03EA-8BB1-4838-B3C0-6EDD354C5C5F}.Release|x86.ActiveCfg = Release|Any CPU
		{511A03EA-8BB1-4838-B3C0-6EDD354C5C5F}.Release|x86.Build.0 = Release|Any CPU
	EndGlobalSection
	GlobalSection(SolutionProperties) = preSolution
		HideSolutionNode = FALSE
	EndGlobalSection
	GlobalSection(NestedProjects) = preSolution
		{932FD948-FEC6-4D68-BBF7-DDC846F64EAB} = {4BB02C67-0DCC-2335-0579-3418CCD36E63}
		{881FA537-2AB7-4690-B4D1-6CCEADC287B7} = {4BB02C67-0DCC-2335-0579-3418CCD36E63}
		{EF092459-004D-4669-8AEA-3430348C766F} = {CF906C0D-0140-33B5-BF15-B8BC7D68052B}
		{7926CD7E-C028-46B2-8EDF-8AF406277619} = {CF906C0D-0140-33B5-BF15-B8BC7D68052B}
		{0D9EC60E-8AD9-4A1A-B761-724A8215B10A} = {4BB02C67-0DCC-2335-0579-3418CCD36E63}
		{1B0145DB-948F-42D8-8137-68E1C49E4D3D} = {CF906C0D-0140-33B5-BF15-B8BC7D68052B}
		{8657C3B2-E054-40E2-9606-0F2BD57707E6} = {DFEE68D8-A7D0-1A41-506C-9B74AA9A7B7B}
		{9F94225B-E8EE-47E1-AC38-5DDF8F183678} = {DFEE68D8-A7D0-1A41-506C-9B74AA9A7B7B}
		{EAB55AF3-6F8F-42B9-B8A7-6C61959DCF55} = {DFEE68D8-A7D0-1A41-506C-9B74AA9A7B7B}
		{1C9DD099-7434-4100-AE5C-8BF2C9842BB0} = {DFEE68D8-A7D0-1A41-506C-9B74AA9A7B7B}
		{B6673F31-4BA7-43AE-AA74-A0D3A7BBD5A8} = {267E212F-7827-149C-EFD1-2066F116326D}
		{1E137C83-93A7-4AC7-B151-FD2CD5E37572} = {267E212F-7827-149C-EFD1-2066F116326D}
		{10001B9A-D91C-4DBA-89C9-DF60F894F760} = {DFEE68D8-A7D0-1A41-506C-9B74AA9A7B7B}
		{4D634612-8F02-4E74-8079-85B6F2522833} = {829AE5A7-665C-703B-F27A-3F07415F4831}
		{E5E98461-5A77-4FDC-BBF5-01F3FF438B1C} = {829AE5A7-665C-703B-F27A-3F07415F4831}
		{F1D93D38-B8F7-4970-998A-905F8F8E77EF} = {CDDCADCD-9350-8E22-D67F-1D4576D8025F}
		{B0408A1D-0FC3-49B7-ABDE-F9EDC9B8FB52} = {CDDCADCD-9350-8E22-D67F-1D4576D8025F}
		{3F79DBC0-53EC-433F-B949-DB3565510293} = {CDDCADCD-9350-8E22-D67F-1D4576D8025F}
		{CF13854C-EB5D-484E-9DDD-371359A55EFD} = {023AB5D1-6391-9F87-0D30-6E7987738D7F}
		{53C8A08B-8D73-41A8-8B81-DB771B90078A} = {023AB5D1-6391-9F87-0D30-6E7987738D7F}
		{3D003A55-AEE6-4872-BFEC-E85D94E17ED2} = {023AB5D1-6391-9F87-0D30-6E7987738D7F}
		{48796C76-99A0-4791-8B7B-A5F99B612540} = {023AB5D1-6391-9F87-0D30-6E7987738D7F}
		{9AB4A175-BD22-4A7A-B8E1-FD0EF6E1F731} = {023AB5D1-6391-9F87-0D30-6E7987738D7F}
		{C0CECC29-493A-4E06-8A1E-833FDD546BF9} = {023AB5D1-6391-9F87-0D30-6E7987738D7F}
		{FBCA4000-19D9-49F4-8DE7-2AB2AD8DB51F} = {7C30C082-D4FF-5AB1-128F-BE070B4AE118}
		{CF14B8D1-9596-4918-A1B8-599C611220B0} = {7C30C082-D4FF-5AB1-128F-BE070B4AE118}
		{D50D0A83-906E-4E4F-A61B-2D2BD0EBF77B} = {C30EA34C-96E3-EEAB-A84E-085AED71DD06}
		{1F1BE5E2-6C46-4684-AEB5-473C23E94041} = {403AE5AA-0726-8981-2EE0-554162CC0B7F}
		{CF68A520-DE31-4FDF-8F78-F28811DBC1C9} = {403AE5AA-0726-8981-2EE0-554162CC0B7F}
		{B3D04261-FC0D-4928-B48A-9695B84DCC2D} = {403AE5AA-0726-8981-2EE0-554162CC0B7F}
		{E9546D7E-13E7-4DC6-BFE6-1AC47E491213} = {CF906C0D-0140-33B5-BF15-B8BC7D68052B}
		{DC9561EC-5AE6-4C92-A89E-46E947B2467A} = {403AE5AA-0726-8981-2EE0-554162CC0B7F}
		{6DA47A1A-D10C-491C-A6EE-D6209D113010} = {403AE5AA-0726-8981-2EE0-554162CC0B7F}
		{D90A30F9-9B48-4E83-8B93-069CE7FB1167} = {403AE5AA-0726-8981-2EE0-554162CC0B7F}
		{D1A47996-8F93-4B26-8727-9888A797E544} = {990D0197-DA6D-AE60-BCEB-C59CA60A27A2}
		{2DF8103A-49AD-49D7-BA5F-0638FDC86144} = {990D0197-DA6D-AE60-BCEB-C59CA60A27A2}
		{E9152E3A-EFF2-4D60-AEA6-26024B188C95} = {990D0197-DA6D-AE60-BCEB-C59CA60A27A2}
		{511A03EA-8BB1-4838-B3C0-6EDD354C5C5F} = {CF906C0D-0140-33B5-BF15-B8BC7D68052B}
	EndGlobalSection
EndGlobal
