
Microsoft Visual Studio Solution File, Format Version 12.00
Project("{FAE04EC0-301F-11D3-BF4B-00C04F79EFBC}") = "SnookerOrg", "SnookerOrg\SnookerOrg.csproj", "{18F8DDC3-8B77-4992-BC9C-E8E2CF6A2B1E}"
EndProject
Project("{2150E333-8FDC-42A3-9474-1A3956D46DE8}") = "Solution Items", "Solution Items", "{95E9B397-E48F-460B-B930-7A851D4B083F}"
	ProjectSection(SolutionItems) = preProject
		.env = .env
		compose.yml = compose.yml
	EndProjectSection
EndProject
Project("{FAE04EC0-301F-11D3-BF4B-00C04F79EFBC}") = "Rabbit", "Rabbit\Rabbit.csproj", "{6E7A12E3-7955-4717-A9E2-6D58FBF0DA2C}"
EndProject
Project("{FAE04EC0-301F-11D3-BF4B-00C04F79EFBC}") = "Domain", "Domain\Domain.csproj", "{7DCB3B0D-4251-45AD-B419-D755744DC577}"
EndProject
Project("{FAE04EC0-301F-11D3-BF4B-00C04F79EFBC}") = "LiveMatchesSync", "LiveMatchesSync\LiveMatchesSync.csproj", "{52E661C5-6FD8-4AEA-A99D-371C9A079CFF}"
EndProject
Project("{FAE04EC0-301F-11D3-BF4B-00C04F79EFBC}") = "Comparer", "Comparer\Comparer.csproj", "{AC0C5F54-8157-47B7-A677-58C945636E98}"
EndProject
Project("{FAE04EC0-301F-11D3-BF4B-00C04F79EFBC}") = "MatchesWorker", "MatchesWorker\MatchesWorker.csproj", "{8DF71341-2A9B-4BDE-9377-1DBBA7399377}"
EndProject
Project("{FAE04EC0-301F-11D3-BF4B-00C04F79EFBC}") = "MatchApi", "MatchApi\MatchApi.csproj", "{43956BB8-8451-47D7-A33E-CA0F0CB6F267}"
EndProject
Project("{FAE04EC0-301F-11D3-BF4B-00C04F79EFBC}") = "NotificationWorker", "NotificationWorker\NotificationWorker.csproj", "{289FEBD4-A9E3-43D3-B94B-F3F1023605C5}"
EndProject
Project("{FAE04EC0-301F-11D3-BF4B-00C04F79EFBC}") = "SessionWorker", "SessionWorker\SessionWorker.csproj", "{479C5144-412D-4416-8C71-33FF955D14B0}"
EndProject
Project("{FAE04EC0-301F-11D3-BF4B-00C04F79EFBC}") = "SessionApi", "SessionApi\SessionApi.csproj", "{4E9CB2FC-0AAF-4772-A1DD-61656933F253}"
EndProject
Project("{FAE04EC0-301F-11D3-BF4B-00C04F79EFBC}") = "FrameWorker", "FrameWorker\FrameWorker.csproj", "{04C5E5FC-CBB5-4D60-B7B9-942C51967E70}"
EndProject
Project("{FAE04EC0-301F-11D3-BF4B-00C04F79EFBC}") = "FrameApi", "FrameApi\FrameApi.csproj", "{A4AF38BA-B2BC-4F47-A5C5-BA578FCDF520}"
EndProject
Project("{FAE04EC0-301F-11D3-BF4B-00C04F79EFBC}") = "Redis", "Redis\Redis.csproj", "{4C873223-6C72-4C28-83B2-91A9586BB3A9}"
EndProject
Project("{FAE04EC0-301F-11D3-BF4B-00C04F79EFBC}") = "EventsSync", "EventsSync\EventsSync.csproj", "{BEAA47E1-AFE8-48A7-8096-75EB9844DD60}"
EndProject
Project("{FAE04EC0-301F-11D3-BF4B-00C04F79EFBC}") = "EventsWorker", "EventsWorker\EventsWorker.csproj", "{E0FEFB8A-6A61-4791-A9C2-649CD2A11F72}"
EndProject
Global
	GlobalSection(SolutionConfigurationPlatforms) = preSolution
		Debug|Any CPU = Debug|Any CPU
		Debug|x64 = Debug|x64
		Debug|x86 = Debug|x86
		Release|Any CPU = Release|Any CPU
		Release|x64 = Release|x64
		Release|x86 = Release|x86
	EndGlobalSection
	GlobalSection(ProjectConfigurationPlatforms) = postSolution
		{18F8DDC3-8B77-4992-BC9C-E8E2CF6A2B1E}.Debug|Any CPU.ActiveCfg = Debug|Any CPU
		{18F8DDC3-8B77-4992-BC9C-E8E2CF6A2B1E}.Debug|Any CPU.Build.0 = Debug|Any CPU
		{18F8DDC3-8B77-4992-BC9C-E8E2CF6A2B1E}.Debug|x64.ActiveCfg = Debug|Any CPU
		{18F8DDC3-8B77-4992-BC9C-E8E2CF6A2B1E}.Debug|x64.Build.0 = Debug|Any CPU
		{18F8DDC3-8B77-4992-BC9C-E8E2CF6A2B1E}.Debug|x86.ActiveCfg = Debug|Any CPU
		{18F8DDC3-8B77-4992-BC9C-E8E2CF6A2B1E}.Debug|x86.Build.0 = Debug|Any CPU
		{18F8DDC3-8B77-4992-BC9C-E8E2CF6A2B1E}.Release|Any CPU.ActiveCfg = Release|Any CPU
		{18F8DDC3-8B77-4992-BC9C-E8E2CF6A2B1E}.Release|Any CPU.Build.0 = Release|Any CPU
		{18F8DDC3-8B77-4992-BC9C-E8E2CF6A2B1E}.Release|x64.ActiveCfg = Release|Any CPU
		{18F8DDC3-8B77-4992-BC9C-E8E2CF6A2B1E}.Release|x64.Build.0 = Release|Any CPU
		{18F8DDC3-8B77-4992-BC9C-E8E2CF6A2B1E}.Release|x86.ActiveCfg = Release|Any CPU
		{18F8DDC3-8B77-4992-BC9C-E8E2CF6A2B1E}.Release|x86.Build.0 = Release|Any CPU
		{6E7A12E3-7955-4717-A9E2-6D58FBF0DA2C}.Debug|Any CPU.ActiveCfg = Debug|Any CPU
		{6E7A12E3-7955-4717-A9E2-6D58FBF0DA2C}.Debug|Any CPU.Build.0 = Debug|Any CPU
		{6E7A12E3-7955-4717-A9E2-6D58FBF0DA2C}.Debug|x64.ActiveCfg = Debug|Any CPU
		{6E7A12E3-7955-4717-A9E2-6D58FBF0DA2C}.Debug|x64.Build.0 = Debug|Any CPU
		{6E7A12E3-7955-4717-A9E2-6D58FBF0DA2C}.Debug|x86.ActiveCfg = Debug|Any CPU
		{6E7A12E3-7955-4717-A9E2-6D58FBF0DA2C}.Debug|x86.Build.0 = Debug|Any CPU
		{6E7A12E3-7955-4717-A9E2-6D58FBF0DA2C}.Release|Any CPU.ActiveCfg = Release|Any CPU
		{6E7A12E3-7955-4717-A9E2-6D58FBF0DA2C}.Release|Any CPU.Build.0 = Release|Any CPU
		{6E7A12E3-7955-4717-A9E2-6D58FBF0DA2C}.Release|x64.ActiveCfg = Release|Any CPU
		{6E7A12E3-7955-4717-A9E2-6D58FBF0DA2C}.Release|x64.Build.0 = Release|Any CPU
		{6E7A12E3-7955-4717-A9E2-6D58FBF0DA2C}.Release|x86.ActiveCfg = Release|Any CPU
		{6E7A12E3-7955-4717-A9E2-6D58FBF0DA2C}.Release|x86.Build.0 = Release|Any CPU
		{7DCB3B0D-4251-45AD-B419-D755744DC577}.Debug|Any CPU.ActiveCfg = Debug|Any CPU
		{7DCB3B0D-4251-45AD-B419-D755744DC577}.Debug|Any CPU.Build.0 = Debug|Any CPU
		{7DCB3B0D-4251-45AD-B419-D755744DC577}.Debug|x64.ActiveCfg = Debug|Any CPU
		{7DCB3B0D-4251-45AD-B419-D755744DC577}.Debug|x64.Build.0 = Debug|Any CPU
		{7DCB3B0D-4251-45AD-B419-D755744DC577}.Debug|x86.ActiveCfg = Debug|Any CPU
		{7DCB3B0D-4251-45AD-B419-D755744DC577}.Debug|x86.Build.0 = Debug|Any CPU
		{7DCB3B0D-4251-45AD-B419-D755744DC577}.Release|Any CPU.ActiveCfg = Release|Any CPU
		{7DCB3B0D-4251-45AD-B419-D755744DC577}.Release|Any CPU.Build.0 = Release|Any CPU
		{7DCB3B0D-4251-45AD-B419-D755744DC577}.Release|x64.ActiveCfg = Release|Any CPU
		{7DCB3B0D-4251-45AD-B419-D755744DC577}.Release|x64.Build.0 = Release|Any CPU
		{7DCB3B0D-4251-45AD-B419-D755744DC577}.Release|x86.ActiveCfg = Release|Any CPU
		{7DCB3B0D-4251-45AD-B419-D755744DC577}.Release|x86.Build.0 = Release|Any CPU
		{52E661C5-6FD8-4AEA-A99D-371C9A079CFF}.Debug|Any CPU.ActiveCfg = Debug|Any CPU
		{52E661C5-6FD8-4AEA-A99D-371C9A079CFF}.Debug|Any CPU.Build.0 = Debug|Any CPU
		{52E661C5-6FD8-4AEA-A99D-371C9A079CFF}.Debug|x64.ActiveCfg = Debug|Any CPU
		{52E661C5-6FD8-4AEA-A99D-371C9A079CFF}.Debug|x64.Build.0 = Debug|Any CPU
		{52E661C5-6FD8-4AEA-A99D-371C9A079CFF}.Debug|x86.ActiveCfg = Debug|Any CPU
		{52E661C5-6FD8-4AEA-A99D-371C9A079CFF}.Debug|x86.Build.0 = Debug|Any CPU
		{52E661C5-6FD8-4AEA-A99D-371C9A079CFF}.Release|Any CPU.ActiveCfg = Release|Any CPU
		{52E661C5-6FD8-4AEA-A99D-371C9A079CFF}.Release|Any CPU.Build.0 = Release|Any CPU
		{52E661C5-6FD8-4AEA-A99D-371C9A079CFF}.Release|x64.ActiveCfg = Release|Any CPU
		{52E661C5-6FD8-4AEA-A99D-371C9A079CFF}.Release|x64.Build.0 = Release|Any CPU
		{52E661C5-6FD8-4AEA-A99D-371C9A079CFF}.Release|x86.ActiveCfg = Release|Any CPU
		{52E661C5-6FD8-4AEA-A99D-371C9A079CFF}.Release|x86.Build.0 = Release|Any CPU
		{AC0C5F54-8157-47B7-A677-58C945636E98}.Debug|Any CPU.ActiveCfg = Debug|Any CPU
		{AC0C5F54-8157-47B7-A677-58C945636E98}.Debug|Any CPU.Build.0 = Debug|Any CPU
		{AC0C5F54-8157-47B7-A677-58C945636E98}.Debug|x64.ActiveCfg = Debug|Any CPU
		{AC0C5F54-8157-47B7-A677-58C945636E98}.Debug|x64.Build.0 = Debug|Any CPU
		{AC0C5F54-8157-47B7-A677-58C945636E98}.Debug|x86.ActiveCfg = Debug|Any CPU
		{AC0C5F54-8157-47B7-A677-58C945636E98}.Debug|x86.Build.0 = Debug|Any CPU
		{AC0C5F54-8157-47B7-A677-58C945636E98}.Release|Any CPU.ActiveCfg = Release|Any CPU
		{AC0C5F54-8157-47B7-A677-58C945636E98}.Release|Any CPU.Build.0 = Release|Any CPU
		{AC0C5F54-8157-47B7-A677-58C945636E98}.Release|x64.ActiveCfg = Release|Any CPU
		{AC0C5F54-8157-47B7-A677-58C945636E98}.Release|x64.Build.0 = Release|Any CPU
		{AC0C5F54-8157-47B7-A677-58C945636E98}.Release|x86.ActiveCfg = Release|Any CPU
		{AC0C5F54-8157-47B7-A677-58C945636E98}.Release|x86.Build.0 = Release|Any CPU
		{8DF71341-2A9B-4BDE-9377-1DBBA7399377}.Debug|Any CPU.ActiveCfg = Debug|Any CPU
		{8DF71341-2A9B-4BDE-9377-1DBBA7399377}.Debug|Any CPU.Build.0 = Debug|Any CPU
		{8DF71341-2A9B-4BDE-9377-1DBBA7399377}.Debug|x64.ActiveCfg = Debug|Any CPU
		{8DF71341-2A9B-4BDE-9377-1DBBA7399377}.Debug|x64.Build.0 = Debug|Any CPU
		{8DF71341-2A9B-4BDE-9377-1DBBA7399377}.Debug|x86.ActiveCfg = Debug|Any CPU
		{8DF71341-2A9B-4BDE-9377-1DBBA7399377}.Debug|x86.Build.0 = Debug|Any CPU
		{8DF71341-2A9B-4BDE-9377-1DBBA7399377}.Release|Any CPU.ActiveCfg = Release|Any CPU
		{8DF71341-2A9B-4BDE-9377-1DBBA7399377}.Release|Any CPU.Build.0 = Release|Any CPU
		{8DF71341-2A9B-4BDE-9377-1DBBA7399377}.Release|x64.ActiveCfg = Release|Any CPU
		{8DF71341-2A9B-4BDE-9377-1DBBA7399377}.Release|x64.Build.0 = Release|Any CPU
		{8DF71341-2A9B-4BDE-9377-1DBBA7399377}.Release|x86.ActiveCfg = Release|Any CPU
		{8DF71341-2A9B-4BDE-9377-1DBBA7399377}.Release|x86.Build.0 = Release|Any CPU
		{43956BB8-8451-47D7-A33E-CA0F0CB6F267}.Debug|Any CPU.ActiveCfg = Debug|Any CPU
		{43956BB8-8451-47D7-A33E-CA0F0CB6F267}.Debug|Any CPU.Build.0 = Debug|Any CPU
		{43956BB8-8451-47D7-A33E-CA0F0CB6F267}.Debug|x64.ActiveCfg = Debug|Any CPU
		{43956BB8-8451-47D7-A33E-CA0F0CB6F267}.Debug|x64.Build.0 = Debug|Any CPU
		{43956BB8-8451-47D7-A33E-CA0F0CB6F267}.Debug|x86.ActiveCfg = Debug|Any CPU
		{43956BB8-8451-47D7-A33E-CA0F0CB6F267}.Debug|x86.Build.0 = Debug|Any CPU
		{43956BB8-8451-47D7-A33E-CA0F0CB6F267}.Release|Any CPU.ActiveCfg = Release|Any CPU
		{43956BB8-8451-47D7-A33E-CA0F0CB6F267}.Release|Any CPU.Build.0 = Release|Any CPU
		{43956BB8-8451-47D7-A33E-CA0F0CB6F267}.Release|x64.ActiveCfg = Release|Any CPU
		{43956BB8-8451-47D7-A33E-CA0F0CB6F267}.Release|x64.Build.0 = Release|Any CPU
		{43956BB8-8451-47D7-A33E-CA0F0CB6F267}.Release|x86.ActiveCfg = Release|Any CPU
		{43956BB8-8451-47D7-A33E-CA0F0CB6F267}.Release|x86.Build.0 = Release|Any CPU
		{289FEBD4-A9E3-43D3-B94B-F3F1023605C5}.Debug|Any CPU.ActiveCfg = Debug|Any CPU
		{289FEBD4-A9E3-43D3-B94B-F3F1023605C5}.Debug|Any CPU.Build.0 = Debug|Any CPU
		{289FEBD4-A9E3-43D3-B94B-F3F1023605C5}.Debug|x64.ActiveCfg = Debug|Any CPU
		{289FEBD4-A9E3-43D3-B94B-F3F1023605C5}.Debug|x64.Build.0 = Debug|Any CPU
		{289FEBD4-A9E3-43D3-B94B-F3F1023605C5}.Debug|x86.ActiveCfg = Debug|Any CPU
		{289FEBD4-A9E3-43D3-B94B-F3F1023605C5}.Debug|x86.Build.0 = Debug|Any CPU
		{289FEBD4-A9E3-43D3-B94B-F3F1023605C5}.Release|Any CPU.ActiveCfg = Release|Any CPU
		{289FEBD4-A9E3-43D3-B94B-F3F1023605C5}.Release|Any CPU.Build.0 = Release|Any CPU
		{289FEBD4-A9E3-43D3-B94B-F3F1023605C5}.Release|x64.ActiveCfg = Release|Any CPU
		{289FEBD4-A9E3-43D3-B94B-F3F1023605C5}.Release|x64.Build.0 = Release|Any CPU
		{289FEBD4-A9E3-43D3-B94B-F3F1023605C5}.Release|x86.ActiveCfg = Release|Any CPU
		{289FEBD4-A9E3-43D3-B94B-F3F1023605C5}.Release|x86.Build.0 = Release|Any CPU
		{479C5144-412D-4416-8C71-33FF955D14B0}.Debug|Any CPU.ActiveCfg = Debug|Any CPU
		{479C5144-412D-4416-8C71-33FF955D14B0}.Debug|Any CPU.Build.0 = Debug|Any CPU
		{479C5144-412D-4416-8C71-33FF955D14B0}.Debug|x64.ActiveCfg = Debug|Any CPU
		{479C5144-412D-4416-8C71-33FF955D14B0}.Debug|x64.Build.0 = Debug|Any CPU
		{479C5144-412D-4416-8C71-33FF955D14B0}.Debug|x86.ActiveCfg = Debug|Any CPU
		{479C5144-412D-4416-8C71-33FF955D14B0}.Debug|x86.Build.0 = Debug|Any CPU
		{479C5144-412D-4416-8C71-33FF955D14B0}.Release|Any CPU.ActiveCfg = Release|Any CPU
		{479C5144-412D-4416-8C71-33FF955D14B0}.Release|Any CPU.Build.0 = Release|Any CPU
		{479C5144-412D-4416-8C71-33FF955D14B0}.Release|x64.ActiveCfg = Release|Any CPU
		{479C5144-412D-4416-8C71-33FF955D14B0}.Release|x64.Build.0 = Release|Any CPU
		{479C5144-412D-4416-8C71-33FF955D14B0}.Release|x86.ActiveCfg = Release|Any CPU
		{479C5144-412D-4416-8C71-33FF955D14B0}.Release|x86.Build.0 = Release|Any CPU
		{4E9CB2FC-0AAF-4772-A1DD-61656933F253}.Debug|Any CPU.ActiveCfg = Debug|Any CPU
		{4E9CB2FC-0AAF-4772-A1DD-61656933F253}.Debug|Any CPU.Build.0 = Debug|Any CPU
		{4E9CB2FC-0AAF-4772-A1DD-61656933F253}.Debug|x64.ActiveCfg = Debug|Any CPU
		{4E9CB2FC-0AAF-4772-A1DD-61656933F253}.Debug|x64.Build.0 = Debug|Any CPU
		{4E9CB2FC-0AAF-4772-A1DD-61656933F253}.Debug|x86.ActiveCfg = Debug|Any CPU
		{4E9CB2FC-0AAF-4772-A1DD-61656933F253}.Debug|x86.Build.0 = Debug|Any CPU
		{4E9CB2FC-0AAF-4772-A1DD-61656933F253}.Release|Any CPU.ActiveCfg = Release|Any CPU
		{4E9CB2FC-0AAF-4772-A1DD-61656933F253}.Release|Any CPU.Build.0 = Release|Any CPU
		{4E9CB2FC-0AAF-4772-A1DD-61656933F253}.Release|x64.ActiveCfg = Release|Any CPU
		{4E9CB2FC-0AAF-4772-A1DD-61656933F253}.Release|x64.Build.0 = Release|Any CPU
		{4E9CB2FC-0AAF-4772-A1DD-61656933F253}.Release|x86.ActiveCfg = Release|Any CPU
		{4E9CB2FC-0AAF-4772-A1DD-61656933F253}.Release|x86.Build.0 = Release|Any CPU
		{04C5E5FC-CBB5-4D60-B7B9-942C51967E70}.Debug|Any CPU.ActiveCfg = Debug|Any CPU
		{04C5E5FC-CBB5-4D60-B7B9-942C51967E70}.Debug|Any CPU.Build.0 = Debug|Any CPU
		{04C5E5FC-CBB5-4D60-B7B9-942C51967E70}.Debug|x64.ActiveCfg = Debug|Any CPU
		{04C5E5FC-CBB5-4D60-B7B9-942C51967E70}.Debug|x64.Build.0 = Debug|Any CPU
		{04C5E5FC-CBB5-4D60-B7B9-942C51967E70}.Debug|x86.ActiveCfg = Debug|Any CPU
		{04C5E5FC-CBB5-4D60-B7B9-942C51967E70}.Debug|x86.Build.0 = Debug|Any CPU
		{04C5E5FC-CBB5-4D60-B7B9-942C51967E70}.Release|Any CPU.ActiveCfg = Release|Any CPU
		{04C5E5FC-CBB5-4D60-B7B9-942C51967E70}.Release|Any CPU.Build.0 = Release|Any CPU
		{04C5E5FC-CBB5-4D60-B7B9-942C51967E70}.Release|x64.ActiveCfg = Release|Any CPU
		{04C5E5FC-CBB5-4D60-B7B9-942C51967E70}.Release|x64.Build.0 = Release|Any CPU
		{04C5E5FC-CBB5-4D60-B7B9-942C51967E70}.Release|x86.ActiveCfg = Release|Any CPU
		{04C5E5FC-CBB5-4D60-B7B9-942C51967E70}.Release|x86.Build.0 = Release|Any CPU
		{A4AF38BA-B2BC-4F47-A5C5-BA578FCDF520}.Debug|Any CPU.ActiveCfg = Debug|Any CPU
		{A4AF38BA-B2BC-4F47-A5C5-BA578FCDF520}.Debug|Any CPU.Build.0 = Debug|Any CPU
		{A4AF38BA-B2BC-4F47-A5C5-BA578FCDF520}.Debug|x64.ActiveCfg = Debug|Any CPU
		{A4AF38BA-B2BC-4F47-A5C5-BA578FCDF520}.Debug|x64.Build.0 = Debug|Any CPU
		{A4AF38BA-B2BC-4F47-A5C5-BA578FCDF520}.Debug|x86.ActiveCfg = Debug|Any CPU
		{A4AF38BA-B2BC-4F47-A5C5-BA578FCDF520}.Debug|x86.Build.0 = Debug|Any CPU
		{A4AF38BA-B2BC-4F47-A5C5-BA578FCDF520}.Release|Any CPU.ActiveCfg = Release|Any CPU
		{A4AF38BA-B2BC-4F47-A5C5-BA578FCDF520}.Release|Any CPU.Build.0 = Release|Any CPU
		{A4AF38BA-B2BC-4F47-A5C5-BA578FCDF520}.Release|x64.ActiveCfg = Release|Any CPU
		{A4AF38BA-B2BC-4F47-A5C5-BA578FCDF520}.Release|x64.Build.0 = Release|Any CPU
		{A4AF38BA-B2BC-4F47-A5C5-BA578FCDF520}.Release|x86.ActiveCfg = Release|Any CPU
		{A4AF38BA-B2BC-4F47-A5C5-BA578FCDF520}.Release|x86.Build.0 = Release|Any CPU
		{4C873223-6C72-4C28-83B2-91A9586BB3A9}.Debug|Any CPU.ActiveCfg = Debug|Any CPU
		{4C873223-6C72-4C28-83B2-91A9586BB3A9}.Debug|Any CPU.Build.0 = Debug|Any CPU
		{4C873223-6C72-4C28-83B2-91A9586BB3A9}.Debug|x64.ActiveCfg = Debug|Any CPU
		{4C873223-6C72-4C28-83B2-91A9586BB3A9}.Debug|x64.Build.0 = Debug|Any CPU
		{4C873223-6C72-4C28-83B2-91A9586BB3A9}.Debug|x86.ActiveCfg = Debug|Any CPU
		{4C873223-6C72-4C28-83B2-91A9586BB3A9}.Debug|x86.Build.0 = Debug|Any CPU
		{4C873223-6C72-4C28-83B2-91A9586BB3A9}.Release|Any CPU.ActiveCfg = Release|Any CPU
		{4C873223-6C72-4C28-83B2-91A9586BB3A9}.Release|Any CPU.Build.0 = Release|Any CPU
		{4C873223-6C72-4C28-83B2-91A9586BB3A9}.Release|x64.ActiveCfg = Release|Any CPU
		{4C873223-6C72-4C28-83B2-91A9586BB3A9}.Release|x64.Build.0 = Release|Any CPU
		{4C873223-6C72-4C28-83B2-91A9586BB3A9}.Release|x86.ActiveCfg = Release|Any CPU
		{4C873223-6C72-4C28-83B2-91A9586BB3A9}.Release|x86.Build.0 = Release|Any CPU
		{BEAA47E1-AFE8-48A7-8096-75EB9844DD60}.Debug|Any CPU.ActiveCfg = Debug|Any CPU
		{BEAA47E1-AFE8-48A7-8096-75EB9844DD60}.Debug|Any CPU.Build.0 = Debug|Any CPU
		{BEAA47E1-AFE8-48A7-8096-75EB9844DD60}.Debug|x64.ActiveCfg = Debug|Any CPU
		{BEAA47E1-AFE8-48A7-8096-75EB9844DD60}.Debug|x64.Build.0 = Debug|Any CPU
		{BEAA47E1-AFE8-48A7-8096-75EB9844DD60}.Debug|x86.ActiveCfg = Debug|Any CPU
		{BEAA47E1-AFE8-48A7-8096-75EB9844DD60}.Debug|x86.Build.0 = Debug|Any CPU
		{BEAA47E1-AFE8-48A7-8096-75EB9844DD60}.Release|Any CPU.ActiveCfg = Release|Any CPU
		{BEAA47E1-AFE8-48A7-8096-75EB9844DD60}.Release|Any CPU.Build.0 = Release|Any CPU
		{BEAA47E1-AFE8-48A7-8096-75EB9844DD60}.Release|x64.ActiveCfg = Release|Any CPU
		{BEAA47E1-AFE8-48A7-8096-75EB9844DD60}.Release|x64.Build.0 = Release|Any CPU
		{BEAA47E1-AFE8-48A7-8096-75EB9844DD60}.Release|x86.ActiveCfg = Release|Any CPU
		{BEAA47E1-AFE8-48A7-8096-75EB9844DD60}.Release|x86.Build.0 = Release|Any CPU
		{E0FEFB8A-6A61-4791-A9C2-649CD2A11F72}.Debug|Any CPU.ActiveCfg = Debug|Any CPU
		{E0FEFB8A-6A61-4791-A9C2-649CD2A11F72}.Debug|Any CPU.Build.0 = Debug|Any CPU
		{E0FEFB8A-6A61-4791-A9C2-649CD2A11F72}.Debug|x64.ActiveCfg = Debug|Any CPU
		{E0FEFB8A-6A61-4791-A9C2-649CD2A11F72}.Debug|x64.Build.0 = Debug|Any CPU
		{E0FEFB8A-6A61-4791-A9C2-649CD2A11F72}.Debug|x86.ActiveCfg = Debug|Any CPU
		{E0FEFB8A-6A61-4791-A9C2-649CD2A11F72}.Debug|x86.Build.0 = Debug|Any CPU
		{E0FEFB8A-6A61-4791-A9C2-649CD2A11F72}.Release|Any CPU.ActiveCfg = Release|Any CPU
		{E0FEFB8A-6A61-4791-A9C2-649CD2A11F72}.Release|Any CPU.Build.0 = Release|Any CPU
		{E0FEFB8A-6A61-4791-A9C2-649CD2A11F72}.Release|x64.ActiveCfg = Release|Any CPU
		{E0FEFB8A-6A61-4791-A9C2-649CD2A11F72}.Release|x64.Build.0 = Release|Any CPU
		{E0FEFB8A-6A61-4791-A9C2-649CD2A11F72}.Release|x86.ActiveCfg = Release|Any CPU
		{E0FEFB8A-6A61-4791-A9C2-649CD2A11F72}.Release|x86.Build.0 = Release|Any CPU
	EndGlobalSection
	GlobalSection(SolutionProperties) = preSolution
		HideSolutionNode = FALSE
	EndGlobalSection
EndGlobal
