
Microsoft Visual Studio Solution File, Format Version 12.00
Project("{FAE04EC0-301F-11D3-BF4B-00C04F79EFBC}") = "SnookerOrg", "SnookerOrg\SnookerOrg.csproj", "{18F8DDC3-8B77-4992-BC9C-E8E2CF6A2B1E}"
EndProject
Project("{2150E333-8FDC-42A3-9474-1A3956D46DE8}") = "Solution Items", "Solution Items", "{95E9B397-E48F-460B-B930-7A851D4B083F}"
	ProjectSection(SolutionItems) = preProject
		compose.yaml = compose.yaml
		..\Infrastructure\compose.yml = ..\Infrastructure\compose.yml
	EndProjectSection
EndProject
Project("{FAE04EC0-301F-11D3-BF4B-00C04F79EFBC}") = "Rabbit", "Rabbit\Rabbit.csproj", "{6E7A12E3-7955-4717-A9E2-6D58FBF0DA2C}"
EndProject
Project("{FAE04EC0-301F-11D3-BF4B-00C04F79EFBC}") = "Domain", "Domain\Domain.csproj", "{7DCB3B0D-4251-45AD-B419-D755744DC577}"
EndProject
Project("{FAE04EC0-301F-11D3-BF4B-00C04F79EFBC}") = "LiveMatchesSync", "LiveMatchesSync\LiveMatchesSync.csproj", "{52E661C5-6FD8-4AEA-A99D-371C9A079CFF}"
EndProject
Global
	GlobalSection(SolutionConfigurationPlatforms) = preSolution
		Debug|Any CPU = Debug|Any CPU
		Release|Any CPU = Release|Any CPU
	EndGlobalSection
	GlobalSection(ProjectConfigurationPlatforms) = postSolution
		{18F8DDC3-8B77-4992-BC9C-E8E2CF6A2B1E}.Debug|Any CPU.ActiveCfg = Debug|Any CPU
		{18F8DDC3-8B77-4992-BC9C-E8E2CF6A2B1E}.Debug|Any CPU.Build.0 = Debug|Any CPU
		{18F8DDC3-8B77-4992-BC9C-E8E2CF6A2B1E}.Release|Any CPU.ActiveCfg = Release|Any CPU
		{18F8DDC3-8B77-4992-BC9C-E8E2CF6A2B1E}.Release|Any CPU.Build.0 = Release|Any CPU
		{6E7A12E3-7955-4717-A9E2-6D58FBF0DA2C}.Debug|Any CPU.ActiveCfg = Debug|Any CPU
		{6E7A12E3-7955-4717-A9E2-6D58FBF0DA2C}.Debug|Any CPU.Build.0 = Debug|Any CPU
		{6E7A12E3-7955-4717-A9E2-6D58FBF0DA2C}.Release|Any CPU.ActiveCfg = Release|Any CPU
		{6E7A12E3-7955-4717-A9E2-6D58FBF0DA2C}.Release|Any CPU.Build.0 = Release|Any CPU
		{7DCB3B0D-4251-45AD-B419-D755744DC577}.Debug|Any CPU.ActiveCfg = Debug|Any CPU
		{7DCB3B0D-4251-45AD-B419-D755744DC577}.Debug|Any CPU.Build.0 = Debug|Any CPU
		{7DCB3B0D-4251-45AD-B419-D755744DC577}.Release|Any CPU.ActiveCfg = Release|Any CPU
		{7DCB3B0D-4251-45AD-B419-D755744DC577}.Release|Any CPU.Build.0 = Release|Any CPU
		{52E661C5-6FD8-4AEA-A99D-371C9A079CFF}.Debug|Any CPU.ActiveCfg = Debug|Any CPU
		{52E661C5-6FD8-4AEA-A99D-371C9A079CFF}.Debug|Any CPU.Build.0 = Debug|Any CPU
		{52E661C5-6FD8-4AEA-A99D-371C9A079CFF}.Release|Any CPU.ActiveCfg = Release|Any CPU
		{52E661C5-6FD8-4AEA-A99D-371C9A079CFF}.Release|Any CPU.Build.0 = Release|Any CPU
	EndGlobalSection
EndGlobal
